// !$*UTF8*$!
{
	archiveVersion = 1;
	classes = {
	};
	objectVersion = 55;
	objects = {

/* Begin PBXBuildFile section */
		BCE11E08281E24550044DBC2 /* main.swift in Sources */ = {isa = PBXBuildFile; fileRef = BCE11E07281E24550044DBC2 /* main.swift */; };
/* End PBXBuildFile section */

/* Begin PBXCopyFilesBuildPhase section */
		BCE11E02281E24550044DBC2 /* CopyFiles */ = {
			isa = PBXCopyFilesBuildPhase;
			buildActionMask = 2147483647;
			dstPath = /usr/share/man/man1/;
			dstSubfolderSpec = 0;
			files = (
			);
			runOnlyForDeploymentPostprocessing = 1;
		};
/* End PBXCopyFilesBuildPhase section */

/* Begin PBXFileReference section */
		6506303C2A408D4E00094DBF /* B2_2864.swift */ = {isa = PBXFileReference; lastKnownFileType = sourcecode.swift; path = B2_2864.swift; sourceTree = "<group>"; };
		6506303D2A408D4E00094DBF /* B1_2810.swift */ = {isa = PBXFileReference; lastKnownFileType = sourcecode.swift; path = B1_2810.swift; sourceTree = "<group>"; };
		6506303E2A408D4E00094DBF /* B1_1546.swift */ = {isa = PBXFileReference; lastKnownFileType = sourcecode.swift; path = B1_1546.swift; sourceTree = "<group>"; };
		6506303F2A408D4E00094DBF /* B3_11034.swift */ = {isa = PBXFileReference; lastKnownFileType = sourcecode.swift; path = B3_11034.swift; sourceTree = "<group>"; };
		650630402A408D4E00094DBF /* B1_2775.swift */ = {isa = PBXFileReference; lastKnownFileType = sourcecode.swift; path = B1_2775.swift; sourceTree = "<group>"; };
		650630422A408D4E00094DBF /* S3_1463.swift */ = {isa = PBXFileReference; lastKnownFileType = sourcecode.swift; path = S3_1463.swift; sourceTree = "<group>"; };
		650630432A408D4E00094DBF /* S5_7568.swift */ = {isa = PBXFileReference; lastKnownFileType = sourcecode.swift; path = S5_7568.swift; sourceTree = "<group>"; };
		650630442A408D4E00094DBF /* S2_1012_2.swift */ = {isa = PBXFileReference; lastKnownFileType = sourcecode.swift; path = S2_1012_2.swift; sourceTree = "<group>"; };
		650630452A408D4E00094DBF /* S4_10773.swift */ = {isa = PBXFileReference; lastKnownFileType = sourcecode.swift; path = S4_10773.swift; sourceTree = "<group>"; };
		650630462A408D4E00094DBF /* S5_1181.swift */ = {isa = PBXFileReference; lastKnownFileType = sourcecode.swift; path = S5_1181.swift; sourceTree = "<group>"; };
		650630472A408D4E00094DBF /* S4_2839.swift */ = {isa = PBXFileReference; lastKnownFileType = sourcecode.swift; path = S4_2839.swift; sourceTree = "<group>"; };
		650630482A408D4E00094DBF /* S4_1783.swift */ = {isa = PBXFileReference; lastKnownFileType = sourcecode.swift; path = S4_1783.swift; sourceTree = "<group>"; };
		650630492A408D4E00094DBF /* S2_1654.swift */ = {isa = PBXFileReference; lastKnownFileType = sourcecode.swift; path = S2_1654.swift; sourceTree = "<group>"; };
		6506304A2A408D4E00094DBF /* S5_9237.swift */ = {isa = PBXFileReference; lastKnownFileType = sourcecode.swift; path = S5_9237.swift; sourceTree = "<group>"; };
		6506304B2A408D4E00094DBF /* S4_2847.swift */ = {isa = PBXFileReference; lastKnownFileType = sourcecode.swift; path = S4_2847.swift; sourceTree = "<group>"; };
		6506304C2A408D4E00094DBF /* S2_2644.swift */ = {isa = PBXFileReference; lastKnownFileType = sourcecode.swift; path = S2_2644.swift; sourceTree = "<group>"; };
		6506304D2A408D4E00094DBF /* S2_2108.swift */ = {isa = PBXFileReference; lastKnownFileType = sourcecode.swift; path = S2_2108.swift; sourceTree = "<group>"; };
		6506304E2A408D4E00094DBF /* S2_1260.swift */ = {isa = PBXFileReference; lastKnownFileType = sourcecode.swift; path = S2_1260.swift; sourceTree = "<group>"; };
		6506304F2A408D4E00094DBF /* S5_11723.swift */ = {isa = PBXFileReference; lastKnownFileType = sourcecode.swift; path = S5_11723.swift; sourceTree = "<group>"; };
		650630502A408D4E00094DBF /* S5_10989.swift */ = {isa = PBXFileReference; lastKnownFileType = sourcecode.swift; path = S5_10989.swift; sourceTree = "<group>"; };
		650630512A408D4E00094DBF /* S2_18352.swift */ = {isa = PBXFileReference; lastKnownFileType = sourcecode.swift; path = S2_18352.swift; sourceTree = "<group>"; };
		650630522A408D4E00094DBF /* S4_2960.swift */ = {isa = PBXFileReference; lastKnownFileType = sourcecode.swift; path = S4_2960.swift; sourceTree = "<group>"; };
		650630532A408D4E00094DBF /* S5_15904.swift */ = {isa = PBXFileReference; lastKnownFileType = sourcecode.swift; path = S5_15904.swift; sourceTree = "<group>"; };
		650630542A408D4E00094DBF /* S4_1049.swift */ = {isa = PBXFileReference; lastKnownFileType = sourcecode.swift; path = S4_1049.swift; sourceTree = "<group>"; };
		650630552A408D4E00094DBF /* S4_1026_2.swift */ = {isa = PBXFileReference; lastKnownFileType = sourcecode.swift; path = S4_1026_2.swift; sourceTree = "<group>"; };
		650630562A408D4E00094DBF /* S4_1388.swift */ = {isa = PBXFileReference; lastKnownFileType = sourcecode.swift; path = S4_1388.swift; sourceTree = "<group>"; };
		650630572A408D4E00094DBF /* S1_11497.swift */ = {isa = PBXFileReference; lastKnownFileType = sourcecode.swift; path = S1_11497.swift; sourceTree = "<group>"; };
		650630582A408D4E00094DBF /* S5_1475.swift */ = {isa = PBXFileReference; lastKnownFileType = sourcecode.swift; path = S5_1475.swift; sourceTree = "<group>"; };
		650630592A408D4E00094DBF /* S5_1789.swift */ = {isa = PBXFileReference; lastKnownFileType = sourcecode.swift; path = S5_1789.swift; sourceTree = "<group>"; };
		6506305A2A408D4E00094DBF /* S3_3085.swift */ = {isa = PBXFileReference; lastKnownFileType = sourcecode.swift; path = S3_3085.swift; sourceTree = "<group>"; };
		6506305B2A408D4E00094DBF /* S3_1213.swift */ = {isa = PBXFileReference; lastKnownFileType = sourcecode.swift; path = S3_1213.swift; sourceTree = "<group>"; };
		6506305C2A408D4E00094DBF /* S5_1343.swift */ = {isa = PBXFileReference; lastKnownFileType = sourcecode.swift; path = S5_1343.swift; sourceTree = "<group>"; };
		6506305D2A408D4E00094DBF /* S5_10815.swift */ = {isa = PBXFileReference; lastKnownFileType = sourcecode.swift; path = S5_10815.swift; sourceTree = "<group>"; };
		6506305E2A408D4E00094DBF /* S1_2468.swift */ = {isa = PBXFileReference; lastKnownFileType = sourcecode.swift; path = S1_2468.swift; sourceTree = "<group>"; };
		6506305F2A408D4E00094DBF /* S5_2581.swift */ = {isa = PBXFileReference; lastKnownFileType = sourcecode.swift; path = S5_2581.swift; sourceTree = "<group>"; };
		650630602A408D4E00094DBF /* S4_1543.swift */ = {isa = PBXFileReference; lastKnownFileType = sourcecode.swift; path = S4_1543.swift; sourceTree = "<group>"; };
		650630612A408D4E00094DBF /* S1_1931.swift */ = {isa = PBXFileReference; lastKnownFileType = sourcecode.swift; path = S1_1931.swift; sourceTree = "<group>"; };
		650630622A408D4E00094DBF /* S3_18310.swift */ = {isa = PBXFileReference; lastKnownFileType = sourcecode.swift; path = S3_18310.swift; sourceTree = "<group>"; };
		650630632A408D4E00094DBF /* S4_10816.swift */ = {isa = PBXFileReference; lastKnownFileType = sourcecode.swift; path = S4_10816.swift; sourceTree = "<group>"; };
		650630642A408D4E00094DBF /* S4_1920.swift */ = {isa = PBXFileReference; lastKnownFileType = sourcecode.swift; path = S4_1920.swift; sourceTree = "<group>"; };
		650630652A408D4E00094DBF /* S2_2805.swift */ = {isa = PBXFileReference; lastKnownFileType = sourcecode.swift; path = S2_2805.swift; sourceTree = "<group>"; };
		650630662A408D4E00094DBF /* S2_1260_2.swift */ = {isa = PBXFileReference; lastKnownFileType = sourcecode.swift; path = S2_1260_2.swift; sourceTree = "<group>"; };
		650630672A408D4E00094DBF /* S4_9012.swift */ = {isa = PBXFileReference; lastKnownFileType = sourcecode.swift; path = S4_9012.swift; sourceTree = "<group>"; };
		650630682A408D4E00094DBF /* S5_2609.swift */ = {isa = PBXFileReference; lastKnownFileType = sourcecode.swift; path = S5_2609.swift; sourceTree = "<group>"; };
		650630692A408D4E00094DBF /* S5_2751.swift */ = {isa = PBXFileReference; lastKnownFileType = sourcecode.swift; path = S5_2751.swift; sourceTree = "<group>"; };
		6506306A2A408D4E00094DBF /* S5_1427.swift */ = {isa = PBXFileReference; lastKnownFileType = sourcecode.swift; path = S5_1427.swift; sourceTree = "<group>"; };
		6506306B2A408D4E00094DBF /* S4_1065.swift */ = {isa = PBXFileReference; lastKnownFileType = sourcecode.swift; path = S4_1065.swift; sourceTree = "<group>"; };
		6506306C2A408D4E00094DBF /* S3_1003.swift */ = {isa = PBXFileReference; lastKnownFileType = sourcecode.swift; path = S3_1003.swift; sourceTree = "<group>"; };
		6506306D2A408D4E00094DBF /* S5_10610.swift */ = {isa = PBXFileReference; lastKnownFileType = sourcecode.swift; path = S5_10610.swift; sourceTree = "<group>"; };
		6506306E2A408D4E00094DBF /* S2_11725.swift */ = {isa = PBXFileReference; lastKnownFileType = sourcecode.swift; path = S2_11725.swift; sourceTree = "<group>"; };
		6506306F2A408D4E00094DBF /* S4_13305.swift */ = {isa = PBXFileReference; lastKnownFileType = sourcecode.swift; path = S4_13305.swift; sourceTree = "<group>"; };
		650630702A408D4E00094DBF /* S3_17413.swift */ = {isa = PBXFileReference; lastKnownFileType = sourcecode.swift; path = S3_17413.swift; sourceTree = "<group>"; };
		650630712A408D4E00094DBF /* S5_1010.swift */ = {isa = PBXFileReference; lastKnownFileType = sourcecode.swift; path = S5_1010.swift; sourceTree = "<group>"; };
		650630722A408D4E00094DBF /* S4_2217.swift */ = {isa = PBXFileReference; lastKnownFileType = sourcecode.swift; path = S4_2217.swift; sourceTree = "<group>"; };
		650630732A408D4E00094DBF /* S1_2667_2.swift */ = {isa = PBXFileReference; lastKnownFileType = sourcecode.swift; path = S1_2667_2.swift; sourceTree = "<group>"; };
		650630742A408D4E00094DBF /* S5_4796.swift */ = {isa = PBXFileReference; lastKnownFileType = sourcecode.swift; path = S5_4796.swift; sourceTree = "<group>"; };
		650630752A408D4E00094DBF /* S5_2941.swift */ = {isa = PBXFileReference; lastKnownFileType = sourcecode.swift; path = S5_2941.swift; sourceTree = "<group>"; };
		650630762A408D4E00094DBF /* S1_15903.swift */ = {isa = PBXFileReference; lastKnownFileType = sourcecode.swift; path = S1_15903.swift; sourceTree = "<group>"; };
		650630772A408D4E00094DBF /* S1_2667.swift */ = {isa = PBXFileReference; lastKnownFileType = sourcecode.swift; path = S1_2667.swift; sourceTree = "<group>"; };
		650630782A408D4E00094DBF /* S2_4963.swift */ = {isa = PBXFileReference; lastKnownFileType = sourcecode.swift; path = S2_4963.swift; sourceTree = "<group>"; };
		650630792A408D4E00094DBF /* S3_1966.swift */ = {isa = PBXFileReference; lastKnownFileType = sourcecode.swift; path = S3_1966.swift; sourceTree = "<group>"; };
		6506307A2A408D4E00094DBF /* S2_2644_2.swift */ = {isa = PBXFileReference; lastKnownFileType = sourcecode.swift; path = S2_2644_2.swift; sourceTree = "<group>"; };
		6506307B2A408D4E00094DBF /* S4_1978.swift */ = {isa = PBXFileReference; lastKnownFileType = sourcecode.swift; path = S4_1978.swift; sourceTree = "<group>"; };
		6506307C2A408D4E00094DBF /* S4_1026.swift */ = {isa = PBXFileReference; lastKnownFileType = sourcecode.swift; path = S4_1026.swift; sourceTree = "<group>"; };
		6506307D2A408D4E00094DBF /* S2_1541.swift */ = {isa = PBXFileReference; lastKnownFileType = sourcecode.swift; path = S2_1541.swift; sourceTree = "<group>"; };
		6506307E2A408D4E00094DBF /* S2_11724.swift */ = {isa = PBXFileReference; lastKnownFileType = sourcecode.swift; path = S2_11724.swift; sourceTree = "<group>"; };
		6506307F2A408D4E00094DBF /* S4_10828.swift */ = {isa = PBXFileReference; lastKnownFileType = sourcecode.swift; path = S4_10828.swift; sourceTree = "<group>"; };
		650630802A408D4E00094DBF /* S1_1946.swift */ = {isa = PBXFileReference; lastKnownFileType = sourcecode.swift; path = S1_1946.swift; sourceTree = "<group>"; };
		650630812A408D4E00094DBF /* S3_11399.swift */ = {isa = PBXFileReference; lastKnownFileType = sourcecode.swift; path = S3_11399.swift; sourceTree = "<group>"; };
		650630822A408D4E00094DBF /* S5_1969.swift */ = {isa = PBXFileReference; lastKnownFileType = sourcecode.swift; path = S5_1969.swift; sourceTree = "<group>"; };
		650630832A408D4E00094DBF /* S5_14916.swift */ = {isa = PBXFileReference; lastKnownFileType = sourcecode.swift; path = S5_14916.swift; sourceTree = "<group>"; };
		650630842A408D4E00094DBF /* S2_4963_2.swift */ = {isa = PBXFileReference; lastKnownFileType = sourcecode.swift; path = S2_4963_2.swift; sourceTree = "<group>"; };
		650630852A408D4E00094DBF /* S3_9095.swift */ = {isa = PBXFileReference; lastKnownFileType = sourcecode.swift; path = S3_9095.swift; sourceTree = "<group>"; };
		650630862A408D4E00094DBF /* S1_2504.swift */ = {isa = PBXFileReference; lastKnownFileType = sourcecode.swift; path = S1_2504.swift; sourceTree = "<group>"; };
		650630872A408D4E00094DBF /* S3_2606.swift */ = {isa = PBXFileReference; lastKnownFileType = sourcecode.swift; path = S3_2606.swift; sourceTree = "<group>"; };
		650630882A408D4E00094DBF /* S1_16953.swift */ = {isa = PBXFileReference; lastKnownFileType = sourcecode.swift; path = S1_16953.swift; sourceTree = "<group>"; };
		650630892A408D4E00094DBF /* S5_1316.swift */ = {isa = PBXFileReference; lastKnownFileType = sourcecode.swift; path = S5_1316.swift; sourceTree = "<group>"; };
		6506308A2A408D4E00094DBF /* S3_1449.swift */ = {isa = PBXFileReference; lastKnownFileType = sourcecode.swift; path = S3_1449.swift; sourceTree = "<group>"; };
		6506308B2A408D4E00094DBF /* S3_2012.swift */ = {isa = PBXFileReference; lastKnownFileType = sourcecode.swift; path = S3_2012.swift; sourceTree = "<group>"; };
		6506308C2A408D4E00094DBF /* S3_11047.swift */ = {isa = PBXFileReference; lastKnownFileType = sourcecode.swift; path = S3_11047.swift; sourceTree = "<group>"; };
		6506308D2A408D4E00094DBF /* S5_4673.swift */ = {isa = PBXFileReference; lastKnownFileType = sourcecode.swift; path = S5_4673.swift; sourceTree = "<group>"; };
		6506308E2A408D4E00094DBF /* S2_11724_2.swift */ = {isa = PBXFileReference; lastKnownFileType = sourcecode.swift; path = S2_11724_2.swift; sourceTree = "<group>"; };
		6506308F2A408D4E00094DBF /* S5_1439.swift */ = {isa = PBXFileReference; lastKnownFileType = sourcecode.swift; path = S5_1439.swift; sourceTree = "<group>"; };
		650630902A408D4E00094DBF /* S1_1080.swift */ = {isa = PBXFileReference; lastKnownFileType = sourcecode.swift; path = S1_1080.swift; sourceTree = "<group>"; };
		650630912A408D4E00094DBF /* S2_1012.swift */ = {isa = PBXFileReference; lastKnownFileType = sourcecode.swift; path = S2_1012.swift; sourceTree = "<group>"; };
		650630922A408D4E00094DBF /* S2_11501.swift */ = {isa = PBXFileReference; lastKnownFileType = sourcecode.swift; path = S2_11501.swift; sourceTree = "<group>"; };
		650630932A408D4E00094DBF /* S4_2839_2.swift */ = {isa = PBXFileReference; lastKnownFileType = sourcecode.swift; path = S4_2839_2.swift; sourceTree = "<group>"; };
		650630942A408D4E00094DBF /* S5_11650.swift */ = {isa = PBXFileReference; lastKnownFileType = sourcecode.swift; path = S5_11650.swift; sourceTree = "<group>"; };
		650630952A408D4E00094DBF /* S5_11866.swift */ = {isa = PBXFileReference; lastKnownFileType = sourcecode.swift; path = S5_11866.swift; sourceTree = "<group>"; };
		650630972A408D4E00094DBF /* 제2회곰곰컵_A.swift */ = {isa = PBXFileReference; lastKnownFileType = sourcecode.swift; path = "제2회곰곰컵_A.swift"; sourceTree = "<group>"; };
		650630982A408D4E00094DBF /* SCUPC_A.swift */ = {isa = PBXFileReference; lastKnownFileType = sourcecode.swift; path = SCUPC_A.swift; sourceTree = "<group>"; };
		6506309A2A408D4E00094DBF /* G4_1715.swift */ = {isa = PBXFileReference; lastKnownFileType = sourcecode.swift; path = G4_1715.swift; sourceTree = "<group>"; };
		6506309B2A408D4E00094DBF /* G4_1339.swift */ = {isa = PBXFileReference; lastKnownFileType = sourcecode.swift; path = G4_1339.swift; sourceTree = "<group>"; };
		6506309C2A408D4E00094DBF /* G3_2812.swift */ = {isa = PBXFileReference; lastKnownFileType = sourcecode.swift; path = G3_2812.swift; sourceTree = "<group>"; };
		6506309D2A408D4E00094DBF /* G4_1715_2.swift */ = {isa = PBXFileReference; lastKnownFileType = sourcecode.swift; path = G4_1715_2.swift; sourceTree = "<group>"; };
		6506309E2A408D4E00094DBF /* G5_15866.swift */ = {isa = PBXFileReference; lastKnownFileType = sourcecode.swift; path = G5_15866.swift; sourceTree = "<group>"; };
		6506309F2A408D4E00094DBF /* G3_2437.swift */ = {isa = PBXFileReference; lastKnownFileType = sourcecode.swift; path = G3_2437.swift; sourceTree = "<group>"; };
		650630A02A408D4E00094DBF /* G4_1744.swift */ = {isa = PBXFileReference; lastKnownFileType = sourcecode.swift; path = G4_1744.swift; sourceTree = "<group>"; };
		650630A12A408D4E00094DBF /* G2_1202.swift */ = {isa = PBXFileReference; lastKnownFileType = sourcecode.swift; path = G2_1202.swift; sourceTree = "<group>"; };
		650630A22A408D4E00094DBF /* G5_11000.swift */ = {isa = PBXFileReference; lastKnownFileType = sourcecode.swift; path = G5_11000.swift; sourceTree = "<group>"; };
		650630A52A408D8400094DBF /* 쿼드트리예제.swift */ = {isa = PBXFileReference; lastKnownFileType = sourcecode.swift; path = "쿼드트리예제.swift"; sourceTree = "<group>"; };
		650630A62A408D8400094DBF /* 사전테스트_1.swift */ = {isa = PBXFileReference; lastKnownFileType = sourcecode.swift; path = "사전테스트_1.swift"; sourceTree = "<group>"; };
		650630A82A408D8400094DBF /* Lv1_K번째수.swift */ = {isa = PBXFileReference; lastKnownFileType = sourcecode.swift; path = "Lv1_K번째수.swift"; sourceTree = "<group>"; };
		650630A92A408D8400094DBF /* Lv1_예산.swift */ = {isa = PBXFileReference; lastKnownFileType = sourcecode.swift; path = "Lv1_예산.swift"; sourceTree = "<group>"; };
		650630AA2A408D8400094DBF /* Lv1_명예의 전당.swift */ = {isa = PBXFileReference; lastKnownFileType = sourcecode.swift; path = "Lv1_명예의 전당.swift"; sourceTree = "<group>"; };
		650630AB2A408D8400094DBF /* Lv1_로또의 최고 순위와 최저 순위.swift */ = {isa = PBXFileReference; lastKnownFileType = sourcecode.swift; path = "Lv1_로또의 최고 순위와 최저 순위.swift"; sourceTree = "<group>"; };
		650630AC2A408D8400094DBF /* Lv1_숫자 문자열과 영단어.swift */ = {isa = PBXFileReference; lastKnownFileType = sourcecode.swift; path = "Lv1_숫자 문자열과 영단어.swift"; sourceTree = "<group>"; };
		650630AD2A408D8400094DBF /* Lv1_기사단원의 무기.swift */ = {isa = PBXFileReference; lastKnownFileType = sourcecode.swift; path = "Lv1_기사단원의 무기.swift"; sourceTree = "<group>"; };
		650630AE2A408D8400094DBF /* Lv1_2016년.swift */ = {isa = PBXFileReference; lastKnownFileType = sourcecode.swift; path = "Lv1_2016년.swift"; sourceTree = "<group>"; };
		650630AF2A408D8400094DBF /* Lv1_신고 결과 받기_2.swift */ = {isa = PBXFileReference; lastKnownFileType = sourcecode.swift; path = "Lv1_신고 결과 받기_2.swift"; sourceTree = "<group>"; };
		650630B02A408D8400094DBF /* Lv1_내적.swift */ = {isa = PBXFileReference; lastKnownFileType = sourcecode.swift; path = "Lv1_내적.swift"; sourceTree = "<group>"; };
		650630B12A408D8400094DBF /* Lv1_체육복.swift */ = {isa = PBXFileReference; lastKnownFileType = sourcecode.swift; path = "Lv1_체육복.swift"; sourceTree = "<group>"; };
		650630B22A408D8400094DBF /* Lv1_소수 만들기.swift */ = {isa = PBXFileReference; lastKnownFileType = sourcecode.swift; path = "Lv1_소수 만들기.swift"; sourceTree = "<group>"; };
		650630B32A408D8400094DBF /* Lv1_크레인 인형뽑기 게임.swift */ = {isa = PBXFileReference; lastKnownFileType = sourcecode.swift; path = "Lv1_크레인 인형뽑기 게임.swift"; sourceTree = "<group>"; };
		650630B42A408D8400094DBF /* Lv1_과일 장수.swift */ = {isa = PBXFileReference; lastKnownFileType = sourcecode.swift; path = "Lv1_과일 장수.swift"; sourceTree = "<group>"; };
		650630B52A408D8400094DBF /* Lv1_문자열 나누기.swift */ = {isa = PBXFileReference; lastKnownFileType = sourcecode.swift; path = "Lv1_문자열 나누기.swift"; sourceTree = "<group>"; };
		650630B62A408D8400094DBF /* Lv1_햄버거 만들기.swift */ = {isa = PBXFileReference; lastKnownFileType = sourcecode.swift; path = "Lv1_햄버거 만들기.swift"; sourceTree = "<group>"; };
		650630B72A408D8400094DBF /* Lv1_키패드 누르기.swift */ = {isa = PBXFileReference; lastKnownFileType = sourcecode.swift; path = "Lv1_키패드 누르기.swift"; sourceTree = "<group>"; };
		650630B82A408D8400094DBF /* Lv1_최소직사각형.swift */ = {isa = PBXFileReference; lastKnownFileType = sourcecode.swift; path = "Lv1_최소직사각형.swift"; sourceTree = "<group>"; };
		650630B92A408D8400094DBF /* Lv1_없는 숫자 더하기.swift */ = {isa = PBXFileReference; lastKnownFileType = sourcecode.swift; path = "Lv1_없는 숫자 더하기.swift"; sourceTree = "<group>"; };
		650630BA2A408D8400094DBF /* Lv1_콜라츠 추측.swift */ = {isa = PBXFileReference; lastKnownFileType = sourcecode.swift; path = "Lv1_콜라츠 추측.swift"; sourceTree = "<group>"; };
		650630BB2A408D8400094DBF /* Lv1_약수의 개수와 덧셈.swift */ = {isa = PBXFileReference; lastKnownFileType = sourcecode.swift; path = "Lv1_약수의 개수와 덧셈.swift"; sourceTree = "<group>"; };
		650630BC2A408D8400094DBF /* Lv1_실패율.swift */ = {isa = PBXFileReference; lastKnownFileType = sourcecode.swift; path = "Lv1_실패율.swift"; sourceTree = "<group>"; };
		650630BD2A408D8400094DBF /* Lv1_신규 아이디 추천.swift */ = {isa = PBXFileReference; lastKnownFileType = sourcecode.swift; path = "Lv1_신규 아이디 추천.swift"; sourceTree = "<group>"; };
		650630BE2A408D8400094DBF /* Lv1_옹알이 (2).swift */ = {isa = PBXFileReference; lastKnownFileType = sourcecode.swift; path = "Lv1_옹알이 (2).swift"; sourceTree = "<group>"; };
		650630BF2A408D8400094DBF /* Lv1_음양 더하기.swift */ = {isa = PBXFileReference; lastKnownFileType = sourcecode.swift; path = "Lv1_음양 더하기.swift"; sourceTree = "<group>"; };
		650630C02A408D8400094DBF /* Lv1_모의고사.swift */ = {isa = PBXFileReference; lastKnownFileType = sourcecode.swift; path = "Lv1_모의고사.swift"; sourceTree = "<group>"; };
		650630C12A408D8400094DBF /* Lv1_신고 결과 받기.swift */ = {isa = PBXFileReference; lastKnownFileType = sourcecode.swift; path = "Lv1_신고 결과 받기.swift"; sourceTree = "<group>"; };
		650630C32A408D8400094DBF /* Lv0_특정 문자 제거하기.swift */ = {isa = PBXFileReference; lastKnownFileType = sourcecode.swift; path = "Lv0_특정 문자 제거하기.swift"; sourceTree = "<group>"; };
		650630C42A408D8400094DBF /* Lv0_중복된 숫자 개수.swift */ = {isa = PBXFileReference; lastKnownFileType = sourcecode.swift; path = "Lv0_중복된 숫자 개수.swift"; sourceTree = "<group>"; };
		650630C52A408D8400094DBF /* Lv0_약수 구하기.swift */ = {isa = PBXFileReference; lastKnownFileType = sourcecode.swift; path = "Lv0_약수 구하기.swift"; sourceTree = "<group>"; };
		650630C62A408D8400094DBF /* Lv0_배열 원소의 길이.swift */ = {isa = PBXFileReference; lastKnownFileType = sourcecode.swift; path = "Lv0_배열 원소의 길이.swift"; sourceTree = "<group>"; };
		650630C72A408D8400094DBF /* Lv0_몫 구하기.swift */ = {isa = PBXFileReference; lastKnownFileType = sourcecode.swift; path = "Lv0_몫 구하기.swift"; sourceTree = "<group>"; };
		650630C82A408D8400094DBF /* Lv0_인덱스 바꾸기.swift */ = {isa = PBXFileReference; lastKnownFileType = sourcecode.swift; path = "Lv0_인덱스 바꾸기.swift"; sourceTree = "<group>"; };
		650630C92A408D8400094DBF /* Lv0_배열 회전시키기.swift */ = {isa = PBXFileReference; lastKnownFileType = sourcecode.swift; path = "Lv0_배열 회전시키기.swift"; sourceTree = "<group>"; };
		650630CA2A408D8400094DBF /* Lv0_2차원으로 만들기.swift */ = {isa = PBXFileReference; lastKnownFileType = sourcecode.swift; path = "Lv0_2차원으로 만들기.swift"; sourceTree = "<group>"; };
		650630CB2A408D8400094DBF /* Lv0_각도기.swift */ = {isa = PBXFileReference; lastKnownFileType = sourcecode.swift; path = "Lv0_각도기.swift"; sourceTree = "<group>"; };
		650630CC2A408D8400094DBF /* Lv0_나머지 구하기.swift */ = {isa = PBXFileReference; lastKnownFileType = sourcecode.swift; path = "Lv0_나머지 구하기.swift"; sourceTree = "<group>"; };
		650630CD2A408D8400094DBF /* Lv0_대문자와 소문자.swift */ = {isa = PBXFileReference; lastKnownFileType = sourcecode.swift; path = "Lv0_대문자와 소문자.swift"; sourceTree = "<group>"; };
		650630CE2A408D8400094DBF /* Lv0_배열의 평균값.swift */ = {isa = PBXFileReference; lastKnownFileType = sourcecode.swift; path = "Lv0_배열의 평균값.swift"; sourceTree = "<group>"; };
		650630CF2A408D8400094DBF /* Lv0_최댓값 만들기 (2).swift */ = {isa = PBXFileReference; lastKnownFileType = sourcecode.swift; path = "Lv0_최댓값 만들기 (2).swift"; sourceTree = "<group>"; };
		650630D02A408D8400094DBF /* Lv0_주사위의 개수.swift */ = {isa = PBXFileReference; lastKnownFileType = sourcecode.swift; path = "Lv0_주사위의 개수.swift"; sourceTree = "<group>"; };
		650630D12A408D8400094DBF /* Lv0_두 수의 곱.swift */ = {isa = PBXFileReference; lastKnownFileType = sourcecode.swift; path = "Lv0_두 수의 곱.swift"; sourceTree = "<group>"; };
		650630D22A408D8400094DBF /* Lv0_숨어있는 숫자의 덧셈 (2).swift */ = {isa = PBXFileReference; lastKnownFileType = sourcecode.swift; path = "Lv0_숨어있는 숫자의 덧셈 (2).swift"; sourceTree = "<group>"; };
		650630D32A408D8400094DBF /* Lv0_배열 뒤집기.swift */ = {isa = PBXFileReference; lastKnownFileType = sourcecode.swift; path = "Lv0_배열 뒤집기.swift"; sourceTree = "<group>"; };
		650630D42A408D8400094DBF /* Lv0_배열 자르기.swift */ = {isa = PBXFileReference; lastKnownFileType = sourcecode.swift; path = "Lv0_배열 자르기.swift"; sourceTree = "<group>"; };
		650630D52A408D8400094DBF /* Lv0_피자 나눠 먹기 (3).swift */ = {isa = PBXFileReference; lastKnownFileType = sourcecode.swift; path = "Lv0_피자 나눠 먹기 (3).swift"; sourceTree = "<group>"; };
		650630D62A408D8400094DBF /* Lv0_가장 큰 수 찾기.swift */ = {isa = PBXFileReference; lastKnownFileType = sourcecode.swift; path = "Lv0_가장 큰 수 찾기.swift"; sourceTree = "<group>"; };
		650630D72A408D8400094DBF /* Lv0_다른 사람의 풀이.swift */ = {isa = PBXFileReference; lastKnownFileType = sourcecode.swift; path = "Lv0_다른 사람의 풀이.swift"; sourceTree = "<group>"; };
		650630D82A408D8400094DBF /* Lv0_팩토리얼.swift */ = {isa = PBXFileReference; lastKnownFileType = sourcecode.swift; path = "Lv0_팩토리얼.swift"; sourceTree = "<group>"; };
		650630D92A408D8400094DBF /* Lv0_배열의 유사도.swift */ = {isa = PBXFileReference; lastKnownFileType = sourcecode.swift; path = "Lv0_배열의 유사도.swift"; sourceTree = "<group>"; };
		650630DA2A408D8400094DBF /* Lv0_옷가게 할인 받기.swift */ = {isa = PBXFileReference; lastKnownFileType = sourcecode.swift; path = "Lv0_옷가게 할인 받기.swift"; sourceTree = "<group>"; };
		650630DB2A408D8400094DBF /* Lv0_두 수의 차.swift */ = {isa = PBXFileReference; lastKnownFileType = sourcecode.swift; path = "Lv0_두 수의 차.swift"; sourceTree = "<group>"; };
		650630DC2A408D8400094DBF /* Lv0_숫자 비교하기.swift */ = {isa = PBXFileReference; lastKnownFileType = sourcecode.swift; path = "Lv0_숫자 비교하기.swift"; sourceTree = "<group>"; };
		650630DD2A408D8400094DBF /* Lv0_피자 나눠 먹기 (1).swift */ = {isa = PBXFileReference; lastKnownFileType = sourcecode.swift; path = "Lv0_피자 나눠 먹기 (1).swift"; sourceTree = "<group>"; };
		650630DE2A408D8400094DBF /* Lv0_자릿수 더하기.swift */ = {isa = PBXFileReference; lastKnownFileType = sourcecode.swift; path = "Lv0_자릿수 더하기.swift"; sourceTree = "<group>"; };
		650630DF2A408D8400094DBF /* Lv0_가까운 수.swift */ = {isa = PBXFileReference; lastKnownFileType = sourcecode.swift; path = "Lv0_가까운 수.swift"; sourceTree = "<group>"; };
		650630E02A408D8400094DBF /* Lv0_이진수 더하기.swift */ = {isa = PBXFileReference; lastKnownFileType = sourcecode.swift; path = "Lv0_이진수 더하기.swift"; sourceTree = "<group>"; };
		650630E12A408D8400094DBF /* Lv0_양꼬치.swift */ = {isa = PBXFileReference; lastKnownFileType = sourcecode.swift; path = "Lv0_양꼬치.swift"; sourceTree = "<group>"; };
		650630E22A408D8400094DBF /* Lv0_소인수분해.swift */ = {isa = PBXFileReference; lastKnownFileType = sourcecode.swift; path = "Lv0_소인수분해.swift"; sourceTree = "<group>"; };
		650630E32A408D8400094DBF /* Lv0_중복된 문자 제거.swift */ = {isa = PBXFileReference; lastKnownFileType = sourcecode.swift; path = "Lv0_중복된 문자 제거.swift"; sourceTree = "<group>"; };
		650630E42A408D8400094DBF /* Lv0_진료순서 정하기.swift */ = {isa = PBXFileReference; lastKnownFileType = sourcecode.swift; path = "Lv0_진료순서 정하기.swift"; sourceTree = "<group>"; };
		650630E52A408D8400094DBF /* Lv0_편지.swift */ = {isa = PBXFileReference; lastKnownFileType = sourcecode.swift; path = "Lv0_편지.swift"; sourceTree = "<group>"; };
		650630E62A408D8400094DBF /* Lv0_제곱수 판별하기.swift */ = {isa = PBXFileReference; lastKnownFileType = sourcecode.swift; path = "Lv0_제곱수 판별하기.swift"; sourceTree = "<group>"; };
		650630E72A408D8400094DBF /* Lv0_점의 위치 구하기.swift */ = {isa = PBXFileReference; lastKnownFileType = sourcecode.swift; path = "Lv0_점의 위치 구하기.swift"; sourceTree = "<group>"; };
		650630E82A408D8400094DBF /* Lv0_아이스 아메리카노.swift */ = {isa = PBXFileReference; lastKnownFileType = sourcecode.swift; path = "Lv0_아이스 아메리카노.swift"; sourceTree = "<group>"; };
		650630E92A408D8400094DBF /* Lv0_삼각형의 완성조건 (1).swift */ = {isa = PBXFileReference; lastKnownFileType = sourcecode.swift; path = "Lv0_삼각형의 완성조건 (1).swift"; sourceTree = "<group>"; };
		650630EA2A408D8400094DBF /* Lv0_한 번만 등장한 문자.swift */ = {isa = PBXFileReference; lastKnownFileType = sourcecode.swift; path = "Lv0_한 번만 등장한 문자.swift"; sourceTree = "<group>"; };
		650630EB2A408D8400094DBF /* Lv0_개미 군단.swift */ = {isa = PBXFileReference; lastKnownFileType = sourcecode.swift; path = "Lv0_개미 군단.swift"; sourceTree = "<group>"; };
		650630EC2A408D8400094DBF /* Lv0_최댓값 만들기 (1).swift */ = {isa = PBXFileReference; lastKnownFileType = sourcecode.swift; path = "Lv0_최댓값 만들기 (1).swift"; sourceTree = "<group>"; };
		650630ED2A408D8400094DBF /* Lv0_순서쌍의 개수.swift */ = {isa = PBXFileReference; lastKnownFileType = sourcecode.swift; path = "Lv0_순서쌍의 개수.swift"; sourceTree = "<group>"; };
		650630EE2A408D8400094DBF /* Lv0_중앙값 구하기.swift */ = {isa = PBXFileReference; lastKnownFileType = sourcecode.swift; path = "Lv0_중앙값 구하기.swift"; sourceTree = "<group>"; };
		650630EF2A408D8400094DBF /* Lv0_직각삼각형 출력하기.swift */ = {isa = PBXFileReference; lastKnownFileType = sourcecode.swift; path = "Lv0_직각삼각형 출력하기.swift"; sourceTree = "<group>"; };
		650630F02A408D8400094DBF /* Lv0_문자열 정리하기 (1).swift */ = {isa = PBXFileReference; lastKnownFileType = sourcecode.swift; path = "Lv0_문자열 정리하기 (1).swift"; sourceTree = "<group>"; };
		650630F12A408D8400094DBF /* Lv0_369게임.swift */ = {isa = PBXFileReference; lastKnownFileType = sourcecode.swift; path = "Lv0_369게임.swift"; sourceTree = "<group>"; };
		650630F22A408D8400094DBF /* Lv0_두 수의 합.swift */ = {isa = PBXFileReference; lastKnownFileType = sourcecode.swift; path = "Lv0_두 수의 합.swift"; sourceTree = "<group>"; };
		650630F32A408D8400094DBF /* Lv0_숫자 찾기.swift */ = {isa = PBXFileReference; lastKnownFileType = sourcecode.swift; path = "Lv0_숫자 찾기.swift"; sourceTree = "<group>"; };
		650630F42A408D8400094DBF /* Lv0_문자열 정렬하기 (2).swift */ = {isa = PBXFileReference; lastKnownFileType = sourcecode.swift; path = "Lv0_문자열 정렬하기 (2).swift"; sourceTree = "<group>"; };
		650630F52A408D8400094DBF /* Lv0_문자 반복 출력하기.swift */ = {isa = PBXFileReference; lastKnownFileType = sourcecode.swift; path = "Lv0_문자 반복 출력하기.swift"; sourceTree = "<group>"; };
		650630F62A408D8400094DBF /* Lv0_문자열안에 문자열.swift */ = {isa = PBXFileReference; lastKnownFileType = sourcecode.swift; path = "Lv0_문자열안에 문자열.swift"; sourceTree = "<group>"; };
		650630F72A408D8400094DBF /* Lv0_문자열 뒤집기.swift */ = {isa = PBXFileReference; lastKnownFileType = sourcecode.swift; path = "Lv0_문자열 뒤집기.swift"; sourceTree = "<group>"; };
		650630F82A408D8400094DBF /* Lv0_나이 출력.swift */ = {isa = PBXFileReference; lastKnownFileType = sourcecode.swift; path = "Lv0_나이 출력.swift"; sourceTree = "<group>"; };
		650630F92A408D8400094DBF /* Lv0_암호 해독.swift */ = {isa = PBXFileReference; lastKnownFileType = sourcecode.swift; path = "Lv0_암호 해독.swift"; sourceTree = "<group>"; };
		650630FA2A408D8400094DBF /* Lv0_피자 나눠 먹기 (2).swift */ = {isa = PBXFileReference; lastKnownFileType = sourcecode.swift; path = "Lv0_피자 나눠 먹기 (2).swift"; sourceTree = "<group>"; };
		650630FB2A408D8400094DBF /* Lv0_7의 개수.swift */ = {isa = PBXFileReference; lastKnownFileType = sourcecode.swift; path = "Lv0_7의 개수.swift"; sourceTree = "<group>"; };
		650630FC2A408D8400094DBF /* Lv0_짝수는 싫어요.swift */ = {isa = PBXFileReference; lastKnownFileType = sourcecode.swift; path = "Lv0_짝수는 싫어요.swift"; sourceTree = "<group>"; };
		650630FD2A408D8400094DBF /* Lv0_머쓱이보다 키 큰 사람.swift */ = {isa = PBXFileReference; lastKnownFileType = sourcecode.swift; path = "Lv0_머쓱이보다 키 큰 사람.swift"; sourceTree = "<group>"; };
		650630FE2A408D8400094DBF /* Lv0_세균 증식.swift */ = {isa = PBXFileReference; lastKnownFileType = sourcecode.swift; path = "Lv0_세균 증식.swift"; sourceTree = "<group>"; };
		650630FF2A408D8400094DBF /* Lv0_A로 B 만들기 .swift */ = {isa = PBXFileReference; lastKnownFileType = sourcecode.swift; path = "Lv0_A로 B 만들기 .swift"; sourceTree = "<group>"; };
		650631002A408D8400094DBF /* Lv0_모음 제거.swift */ = {isa = PBXFileReference; lastKnownFileType = sourcecode.swift; path = "Lv0_모음 제거.swift"; sourceTree = "<group>"; };
		650631012A408D8400094DBF /* Lv0_모스부호 (1).swift */ = {isa = PBXFileReference; lastKnownFileType = sourcecode.swift; path = "Lv0_모스부호 (1).swift"; sourceTree = "<group>"; };
		650631022A408D8400094DBF /* Lv0_배열 두 배 만들기.swift */ = {isa = PBXFileReference; lastKnownFileType = sourcecode.swift; path = "Lv0_배열 두 배 만들기.swift"; sourceTree = "<group>"; };
		650631032A408D8400094DBF /* Lv0_합성수 찾기.swift */ = {isa = PBXFileReference; lastKnownFileType = sourcecode.swift; path = "Lv0_합성수 찾기.swift"; sourceTree = "<group>"; };
		650631042A408D8400094DBF /* Lv0_짝수 홀수 개수.swift */ = {isa = PBXFileReference; lastKnownFileType = sourcecode.swift; path = "Lv0_짝수 홀수 개수.swift"; sourceTree = "<group>"; };
		650631052A408D8400094DBF /* Lv0_k의 개수.swift */ = {isa = PBXFileReference; lastKnownFileType = sourcecode.swift; path = "Lv0_k의 개수.swift"; sourceTree = "<group>"; };
		650631062A408D8400094DBF /* Lv0_n의 배수 고르기.swift */ = {isa = PBXFileReference; lastKnownFileType = sourcecode.swift; path = "Lv0_n의 배수 고르기.swift"; sourceTree = "<group>"; };
		650631072A408D8400094DBF /* Lv0_숨어있는 숫자의 덧셈 (1).swift */ = {isa = PBXFileReference; lastKnownFileType = sourcecode.swift; path = "Lv0_숨어있는 숫자의 덧셈 (1).swift"; sourceTree = "<group>"; };
		650631082A408D8400094DBF /* Lv0_외계행성의 나이.swift */ = {isa = PBXFileReference; lastKnownFileType = sourcecode.swift; path = "Lv0_외계행성의 나이.swift"; sourceTree = "<group>"; };
		6506310A2A408D8400094DBF /* Lv2_최솟값 만들기.swift */ = {isa = PBXFileReference; lastKnownFileType = sourcecode.swift; path = "Lv2_최솟값 만들기.swift"; sourceTree = "<group>"; };
		6506310B2A408D8400094DBF /* Lv2_N개의 최소공배수_2.swift */ = {isa = PBXFileReference; lastKnownFileType = sourcecode.swift; path = "Lv2_N개의 최소공배수_2.swift"; sourceTree = "<group>"; };
		6506310C2A408D8400094DBF /* Lv2_점프와 순간 이동_2.swift */ = {isa = PBXFileReference; lastKnownFileType = sourcecode.swift; path = "Lv2_점프와 순간 이동_2.swift"; sourceTree = "<group>"; };
		6506310D2A408D8400094DBF /* Lv2_멀리 뛰기.swift */ = {isa = PBXFileReference; lastKnownFileType = sourcecode.swift; path = "Lv2_멀리 뛰기.swift"; sourceTree = "<group>"; };
		6506310E2A408D8400094DBF /* Lv2_H-Index.swift */ = {isa = PBXFileReference; lastKnownFileType = sourcecode.swift; path = "Lv2_H-Index.swift"; sourceTree = "<group>"; };
		6506310F2A408D8400094DBF /* Lv2_행렬의 곱셈.swift */ = {isa = PBXFileReference; lastKnownFileType = sourcecode.swift; path = "Lv2_행렬의 곱셈.swift"; sourceTree = "<group>"; };
		650631102A408D8400094DBF /* Lv2_JadenCase 문자열 만들기.swift */ = {isa = PBXFileReference; lastKnownFileType = sourcecode.swift; path = "Lv2_JadenCase 문자열 만들기.swift"; sourceTree = "<group>"; };
		650631112A408D8400094DBF /* Lv2_멀리 뛰기_2.swift */ = {isa = PBXFileReference; lastKnownFileType = sourcecode.swift; path = "Lv2_멀리 뛰기_2.swift"; sourceTree = "<group>"; };
		650631122A408D8400094DBF /* Lv2_영어 끝말잇기.swift */ = {isa = PBXFileReference; lastKnownFileType = sourcecode.swift; path = "Lv2_영어 끝말잇기.swift"; sourceTree = "<group>"; };
		650631132A408D8400094DBF /* Lv2_이진 변환 반복하기 .swift */ = {isa = PBXFileReference; lastKnownFileType = sourcecode.swift; path = "Lv2_이진 변환 반복하기 .swift"; sourceTree = "<group>"; };
		650631142A408D8400094DBF /* Lv2_행렬의 곱셈_2.swift */ = {isa = PBXFileReference; lastKnownFileType = sourcecode.swift; path = "Lv2_행렬의 곱셈_2.swift"; sourceTree = "<group>"; };
		650631152A408D8400094DBF /* Lv2_짝지어 제거하기.swift */ = {isa = PBXFileReference; lastKnownFileType = sourcecode.swift; path = "Lv2_짝지어 제거하기.swift"; sourceTree = "<group>"; };
		650631162A408D8400094DBF /* Lv2_카펫.swift */ = {isa = PBXFileReference; lastKnownFileType = sourcecode.swift; path = "Lv2_카펫.swift"; sourceTree = "<group>"; };
		650631172A408D8400094DBF /* Lv2_점프와 순간 이동.swift */ = {isa = PBXFileReference; lastKnownFileType = sourcecode.swift; path = "Lv2_점프와 순간 이동.swift"; sourceTree = "<group>"; };
		650631182A408D8400094DBF /* Lv2_다음 큰 숫자.swift */ = {isa = PBXFileReference; lastKnownFileType = sourcecode.swift; path = "Lv2_다음 큰 숫자.swift"; sourceTree = "<group>"; };
		650631192A408D8400094DBF /* Lv2_피보나치 수.swift */ = {isa = PBXFileReference; lastKnownFileType = sourcecode.swift; path = "Lv2_피보나치 수.swift"; sourceTree = "<group>"; };
		6506311A2A408D8400094DBF /* Lv2_예상 대진표_2.swift */ = {isa = PBXFileReference; lastKnownFileType = sourcecode.swift; path = "Lv2_예상 대진표_2.swift"; sourceTree = "<group>"; };
		6506311B2A408D8400094DBF /* Lv2_예상 대진표.swift */ = {isa = PBXFileReference; lastKnownFileType = sourcecode.swift; path = "Lv2_예상 대진표.swift"; sourceTree = "<group>"; };
		6506311C2A408D8400094DBF /* Lv2_캐시.swift */ = {isa = PBXFileReference; lastKnownFileType = sourcecode.swift; path = "Lv2_캐시.swift"; sourceTree = "<group>"; };
		6506311D2A408D8400094DBF /* Lv2_올바른 괄호.swift */ = {isa = PBXFileReference; lastKnownFileType = sourcecode.swift; path = "Lv2_올바른 괄호.swift"; sourceTree = "<group>"; };
		6506311E2A408D8400094DBF /* Lv2_N개의 최소공배수.swift */ = {isa = PBXFileReference; lastKnownFileType = sourcecode.swift; path = "Lv2_N개의 최소공배수.swift"; sourceTree = "<group>"; };
		6506311F2A408D8400094DBF /* Lv2_영어 끝말잇기_2.swift */ = {isa = PBXFileReference; lastKnownFileType = sourcecode.swift; path = "Lv2_영어 끝말잇기_2.swift"; sourceTree = "<group>"; };
		650631202A408D8400094DBF /* Lv2_최댓값과 최솟값.swift */ = {isa = PBXFileReference; lastKnownFileType = sourcecode.swift; path = "Lv2_최댓값과 최솟값.swift"; sourceTree = "<group>"; };
		650631222A408D8400094DBF /* Lv3_베스트앨범.swift */ = {isa = PBXFileReference; lastKnownFileType = sourcecode.swift; path = "Lv3_베스트앨범.swift"; sourceTree = "<group>"; };
		650631232A408D8400094DBF /* Lv3_네트워크.swift */ = {isa = PBXFileReference; lastKnownFileType = sourcecode.swift; path = "Lv3_네트워크.swift"; sourceTree = "<group>"; };
		650631242A408D8400094DBF /* Lv3_단어 변환.swift */ = {isa = PBXFileReference; lastKnownFileType = sourcecode.swift; path = "Lv3_단어 변환.swift"; sourceTree = "<group>"; };
		650631252A408D8400094DBF /* Lv3_이중우선순위큐.swift */ = {isa = PBXFileReference; lastKnownFileType = sourcecode.swift; path = "Lv3_이중우선순위큐.swift"; sourceTree = "<group>"; };
		650631262A408D8400094DBF /* Lv3_숫자 게임.swift */ = {isa = PBXFileReference; lastKnownFileType = sourcecode.swift; path = "Lv3_숫자 게임.swift"; sourceTree = "<group>"; };
		650631272A408D8400094DBF /* Lv3_기지국 설치.swift */ = {isa = PBXFileReference; lastKnownFileType = sourcecode.swift; path = "Lv3_기지국 설치.swift"; sourceTree = "<group>"; };
		650631292A408DC800094DBF /* FileIO.swift */ = {isa = PBXFileReference; lastKnownFileType = sourcecode.swift; path = FileIO.swift; sourceTree = "<group>"; };
		6506312B2A408E4800094DBF /* x 사이의 개수.swift */ = {isa = PBXFileReference; lastKnownFileType = sourcecode.swift; path = "x 사이의 개수.swift"; sourceTree = "<group>"; };
		6506312E2A4121FC00094DBF /* 특별한 이차원 배열 1.swift */ = {isa = PBXFileReference; lastKnownFileType = sourcecode.swift; path = "특별한 이차원 배열 1.swift"; sourceTree = "<group>"; };
		650631302A41232200094DBF /* 문자열 섞기.swift */ = {isa = PBXFileReference; lastKnownFileType = sourcecode.swift; path = "문자열 섞기.swift"; sourceTree = "<group>"; };
		650631312A41264F00094DBF /* 간단한 식 계산하기 .swift */ = {isa = PBXFileReference; lastKnownFileType = sourcecode.swift; path = "간단한 식 계산하기 .swift"; sourceTree = "<group>"; };
		650631332A4128E000094DBF /* 9로 나눈 나머지.swift */ = {isa = PBXFileReference; lastKnownFileType = sourcecode.swift; path = "9로 나눈 나머지.swift"; sourceTree = "<group>"; };
		650631362A42780800094DBF /* 1260번 DFS와 BFS.swift */ = {isa = PBXFileReference; lastKnownFileType = sourcecode.swift; path = "1260번 DFS와 BFS.swift"; sourceTree = "<group>"; };
		650631492A4525E400094DBF /* 주사위 게임 2.swift */ = {isa = PBXFileReference; lastKnownFileType = sourcecode.swift; path = "주사위 게임 2.swift"; sourceTree = "<group>"; };
		6506314A2A4529DF00094DBF /* 배열 만들기 3.swift */ = {isa = PBXFileReference; lastKnownFileType = sourcecode.swift; path = "배열 만들기 3.swift"; sourceTree = "<group>"; };
		6506314E2A46A48800094DBF /* 대소문자 바꿔서 출력하기.swift */ = {isa = PBXFileReference; lastKnownFileType = sourcecode.swift; path = "대소문자 바꿔서 출력하기.swift"; sourceTree = "<group>"; };
		650631512A46AB4200094DBF /* 2606번 바이러스.swift */ = {isa = PBXFileReference; lastKnownFileType = sourcecode.swift; path = "2606번 바이러스.swift"; sourceTree = "<group>"; };
		6506315A2A47F2DA00094DBF /* 문자열 돌리기 .swift */ = {isa = PBXFileReference; lastKnownFileType = sourcecode.swift; path = "문자열 돌리기 .swift"; sourceTree = "<group>"; };
		6506315B2A47F3BB00094DBF /* 두 수의 연산값 비교하기.swift */ = {isa = PBXFileReference; lastKnownFileType = sourcecode.swift; path = "두 수의 연산값 비교하기.swift"; sourceTree = "<group>"; };
		6506315C2A47F78B00094DBF /* 콜라츠 수열 만들기.swift */ = {isa = PBXFileReference; lastKnownFileType = sourcecode.swift; path = "콜라츠 수열 만들기.swift"; sourceTree = "<group>"; };
		6506315E2A48026400094DBF /* 1012번 유기농 배추.swift */ = {isa = PBXFileReference; lastKnownFileType = sourcecode.swift; path = "1012번 유기농 배추.swift"; sourceTree = "<group>"; };
		650631772A490A3B00094DBF /* 가까운 1 찾기.swift */ = {isa = PBXFileReference; lastKnownFileType = sourcecode.swift; path = "가까운 1 찾기.swift"; sourceTree = "<group>"; };
		650631782A490ABF00094DBF /* 문자열 잘라서 정렬하기.swift */ = {isa = PBXFileReference; lastKnownFileType = sourcecode.swift; path = "문자열 잘라서 정렬하기.swift"; sourceTree = "<group>"; };
		650631792A490E2D00094DBF /* 등차수열의 특정한 항만 더하기.swift */ = {isa = PBXFileReference; lastKnownFileType = sourcecode.swift; path = "등차수열의 특정한 항만 더하기.swift"; sourceTree = "<group>"; };
		6506317B2A49133E00094DBF /* 11724번 연결 요소의 개수.swift */ = {isa = PBXFileReference; lastKnownFileType = sourcecode.swift; path = "11724번 연결 요소의 개수.swift"; sourceTree = "<group>"; };
		651866722A7FC90900CC30B7 /* 수 조작하기 2.swift */ = {isa = PBXFileReference; lastKnownFileType = sourcecode.swift; path = "수 조작하기 2.swift"; sourceTree = "<group>"; };
		651866732A7FCBA600CC30B7 /* 수열과 구간 쿼리 1.swift */ = {isa = PBXFileReference; lastKnownFileType = sourcecode.swift; path = "수열과 구간 쿼리 1.swift"; sourceTree = "<group>"; };
		654D12D12A8264CC00DFDEBC /* 이차원 배열 대각선 순회하기.swift */ = {isa = PBXFileReference; lastKnownFileType = sourcecode.swift; path = "이차원 배열 대각선 순회하기.swift"; sourceTree = "<group>"; };
		654D12D22A826A6200DFDEBC /* 특정 문자열로 끝나는 가장 긴 부분 문자열 찾기.swift */ = {isa = PBXFileReference; lastKnownFileType = sourcecode.swift; path = "특정 문자열로 끝나는 가장 긴 부분 문자열 찾기.swift"; sourceTree = "<group>"; };
		654D12D32A8271D300DFDEBC /* 빈 배열에 추가, 삭제하기.swift */ = {isa = PBXFileReference; lastKnownFileType = sourcecode.swift; path = "빈 배열에 추가, 삭제하기.swift"; sourceTree = "<group>"; };
		654D12D52A835BCF00DFDEBC /* 세로 읽기.swift */ = {isa = PBXFileReference; lastKnownFileType = sourcecode.swift; path = "세로 읽기.swift"; sourceTree = "<group>"; };
		654D12D62A835F7D00DFDEBC /* 글자 지우기.swift */ = {isa = PBXFileReference; lastKnownFileType = sourcecode.swift; path = "글자 지우기.swift"; sourceTree = "<group>"; };
		654D12D72A83625B00DFDEBC /* 수열과 구간 쿼리 3.swift */ = {isa = PBXFileReference; lastKnownFileType = sourcecode.swift; path = "수열과 구간 쿼리 3.swift"; sourceTree = "<group>"; };
		654D12DB2A84944E00DFDEBC /* 16435번 스네이크버드.swift */ = {isa = PBXFileReference; lastKnownFileType = sourcecode.swift; path = "16435번 스네이크버드.swift"; sourceTree = "<group>"; };
		654D12DC2A84989700DFDEBC /* 1449번 수리공 항승.swift */ = {isa = PBXFileReference; lastKnownFileType = sourcecode.swift; path = "1449번 수리공 항승.swift"; sourceTree = "<group>"; };
		654D12FC2A85CD0600DFDEBC /* 2606번 바이러스.swift */ = {isa = PBXFileReference; lastKnownFileType = sourcecode.swift; path = "2606번 바이러스.swift"; sourceTree = "<group>"; };
		654D12FD2A85D63300DFDEBC /* 2667번 단지번호붙이기.swift */ = {isa = PBXFileReference; lastKnownFileType = sourcecode.swift; path = "2667번 단지번호붙이기.swift"; sourceTree = "<group>"; };
		654D130A2A89E87F00DFDEBC /* 1417번 국회의원 선거.swift */ = {isa = PBXFileReference; lastKnownFileType = sourcecode.swift; path = "1417번 국회의원 선거.swift"; sourceTree = "<group>"; };
		6556C3F12A6A1F9A00B4EEE1 /* 1439번 뒤집기.swift */ = {isa = PBXFileReference; lastKnownFileType = sourcecode.swift; path = "1439번 뒤집기.swift"; sourceTree = "<group>"; };
		6556C3F22A6A3C4000B4EEE1 /* 2720번 세탁소 사장 동혁.swift */ = {isa = PBXFileReference; lastKnownFileType = sourcecode.swift; path = "2720번 세탁소 사장 동혁.swift"; sourceTree = "<group>"; };
		6556C3F92A6BFC0400B4EEE1 /* 1339번 단어 수학.swift */ = {isa = PBXFileReference; lastKnownFileType = sourcecode.swift; path = "1339번 단어 수학.swift"; sourceTree = "<group>"; };
		65AEDEB22A7A9B2D00234215 /* 1049번 기타줄.swift */ = {isa = PBXFileReference; lastKnownFileType = sourcecode.swift; path = "1049번 기타줄.swift"; sourceTree = "<group>"; };
		65C076322A4A67B1003E6D92 /* 2839번 설탕 배달.swift */ = {isa = PBXFileReference; lastKnownFileType = sourcecode.swift; path = "2839번 설탕 배달.swift"; sourceTree = "<group>"; };
		65C076332A4A6865003E6D92 /* 11399번 ATM.swift */ = {isa = PBXFileReference; lastKnownFileType = sourcecode.swift; path = "11399번 ATM.swift"; sourceTree = "<group>"; };
		65C076442A4BB61E003E6D92 /* 11047번 동전 0.swift */ = {isa = PBXFileReference; lastKnownFileType = sourcecode.swift; path = "11047번 동전 0.swift"; sourceTree = "<group>"; };
		65C076452A4BC665003E6D92 /* 1931번 회의실 배정.swift */ = {isa = PBXFileReference; lastKnownFileType = sourcecode.swift; path = "1931번 회의실 배정.swift"; sourceTree = "<group>"; };
		65C0764F2A4D09AE003E6D92 /* 배열 만들기 5.swift */ = {isa = PBXFileReference; lastKnownFileType = sourcecode.swift; path = "배열 만들기 5.swift"; sourceTree = "<group>"; };
		65C076502A4D0E9D003E6D92 /* 날짜 비교하기.swift */ = {isa = PBXFileReference; lastKnownFileType = sourcecode.swift; path = "날짜 비교하기.swift"; sourceTree = "<group>"; };
		65C076522A4D138F003E6D92 /* 1541번 잃어버린 괄호.swift */ = {isa = PBXFileReference; lastKnownFileType = sourcecode.swift; path = "1541번 잃어버린 괄호.swift"; sourceTree = "<group>"; };
		65C076602A4E5D87003E6D92 /* 1026번 보물.swift */ = {isa = PBXFileReference; lastKnownFileType = sourcecode.swift; path = "1026번 보물.swift"; sourceTree = "<group>"; };
		65C076612A4E6168003E6D92 /* 5585번 거스름돈.swift */ = {isa = PBXFileReference; lastKnownFileType = sourcecode.swift; path = "5585번 거스름돈.swift"; sourceTree = "<group>"; };
		65C076622A4E6584003E6D92 /* 2217번 로프.swift */ = {isa = PBXFileReference; lastKnownFileType = sourcecode.swift; path = "2217번 로프.swift"; sourceTree = "<group>"; };
		65C0766C2A5265C5003E6D92 /* 1092번 배.swift */ = {isa = PBXFileReference; lastKnownFileType = sourcecode.swift; path = "1092번 배.swift"; sourceTree = "<group>"; };
		65C076742A53B5C9003E6D92 /* 문자열 겹쳐쓰기.swift */ = {isa = PBXFileReference; lastKnownFileType = sourcecode.swift; path = "문자열 겹쳐쓰기.swift"; sourceTree = "<group>"; };
		65C076782A550983003E6D92 /* 11501번 주식.swift */ = {isa = PBXFileReference; lastKnownFileType = sourcecode.swift; path = "11501번 주식.swift"; sourceTree = "<group>"; };
		65C076792A55A9DF003E6D92 /* 2872번 우리집엔 도서관이 있어.swift */ = {isa = PBXFileReference; lastKnownFileType = sourcecode.swift; path = "2872번 우리집엔 도서관이 있어.swift"; sourceTree = "<group>"; };
		65C076CE2A579457003E6D92 /* 1789번 수들의 합.swift */ = {isa = PBXFileReference; lastKnownFileType = sourcecode.swift; path = "1789번 수들의 합.swift"; sourceTree = "<group>"; };
		65C076CF2A579900003E6D92 /* 13305번 주유소.swift */ = {isa = PBXFileReference; lastKnownFileType = sourcecode.swift; path = "13305번 주유소.swift"; sourceTree = "<group>"; };
		65C076FB2A5A7397003E6D92 /* 11404번 플로이드.swift */ = {isa = PBXFileReference; lastKnownFileType = sourcecode.swift; path = "11404번 플로이드.swift"; sourceTree = "<group>"; };
		65C077012A5B8816003E6D92 /* 10162번 전자레인지.swift */ = {isa = PBXFileReference; lastKnownFileType = sourcecode.swift; path = "10162번 전자레인지.swift"; sourceTree = "<group>"; };
		65C077022A5B8C5C003E6D92 /* 10610번 30.swift */ = {isa = PBXFileReference; lastKnownFileType = sourcecode.swift; path = "10610번 30.swift"; sourceTree = "<group>"; };
		65C0772F2A5E3952003E6D92 /* 1715번 카드 정렬하기.swift */ = {isa = PBXFileReference; lastKnownFileType = sourcecode.swift; path = "1715번 카드 정렬하기.swift"; sourceTree = "<group>"; };
		65C077312A5F7DC1003E6D92 /* 1946번 신입 사원.swift */ = {isa = PBXFileReference; lastKnownFileType = sourcecode.swift; path = "1946번 신입 사원.swift"; sourceTree = "<group>"; };
		65C077552A67726C003E6D92 /* 16953번 A->B.swift */ = {isa = PBXFileReference; lastKnownFileType = sourcecode.swift; path = "16953번 A->B.swift"; sourceTree = "<group>"; };
		65C68BCD2A89F02900ED0C2F /* 문자열 뒤집기.swift */ = {isa = PBXFileReference; lastKnownFileType = sourcecode.swift; path = "문자열 뒤집기.swift"; sourceTree = "<group>"; };
		BCE11E04281E24550044DBC2 /* CodingTest */ = {isa = PBXFileReference; explicitFileType = "compiled.mach-o.executable"; includeInIndex = 0; path = CodingTest; sourceTree = BUILT_PRODUCTS_DIR; };
		BCE11E07281E24550044DBC2 /* main.swift */ = {isa = PBXFileReference; lastKnownFileType = sourcecode.swift; path = main.swift; sourceTree = "<group>"; };
/* End PBXFileReference section */

/* Begin PBXFrameworksBuildPhase section */
		BCE11E01281E24550044DBC2 /* Frameworks */ = {
			isa = PBXFrameworksBuildPhase;
			buildActionMask = 2147483647;
			files = (
			);
			runOnlyForDeploymentPostprocessing = 0;
		};
/* End PBXFrameworksBuildPhase section */

/* Begin PBXGroup section */
		6506303A2A408D4E00094DBF /* ~23.06.18 */ = {
			isa = PBXGroup;
			children = (
				6506303B2A408D4E00094DBF /* Bronze */,
				650630412A408D4E00094DBF /* Silver */,
				650630962A408D4E00094DBF /* 대회 */,
				650630992A408D4E00094DBF /* Gold */,
			);
			name = "~23.06.18";
			path = "/Users/kimsunghun/Desktop/ungchun/SwiftCodingTest/CodingTest/BOJ/~23.06.18";
			sourceTree = "<absolute>";
		};
		6506303B2A408D4E00094DBF /* Bronze */ = {
			isa = PBXGroup;
			children = (
				6506303C2A408D4E00094DBF /* B2_2864.swift */,
				6506303D2A408D4E00094DBF /* B1_2810.swift */,
				6506303E2A408D4E00094DBF /* B1_1546.swift */,
				6506303F2A408D4E00094DBF /* B3_11034.swift */,
				650630402A408D4E00094DBF /* B1_2775.swift */,
			);
			name = Bronze;
			path = "CodingTest/BOJ/~23.06.18/Bronze";
			sourceTree = SOURCE_ROOT;
		};
		650630412A408D4E00094DBF /* Silver */ = {
			isa = PBXGroup;
			children = (
				650630422A408D4E00094DBF /* S3_1463.swift */,
				650630432A408D4E00094DBF /* S5_7568.swift */,
				650630442A408D4E00094DBF /* S2_1012_2.swift */,
				650630452A408D4E00094DBF /* S4_10773.swift */,
				650630462A408D4E00094DBF /* S5_1181.swift */,
				650630472A408D4E00094DBF /* S4_2839.swift */,
				650630482A408D4E00094DBF /* S4_1783.swift */,
				650630492A408D4E00094DBF /* S2_1654.swift */,
				6506304A2A408D4E00094DBF /* S5_9237.swift */,
				6506304B2A408D4E00094DBF /* S4_2847.swift */,
				6506304C2A408D4E00094DBF /* S2_2644.swift */,
				6506304D2A408D4E00094DBF /* S2_2108.swift */,
				6506304E2A408D4E00094DBF /* S2_1260.swift */,
				6506304F2A408D4E00094DBF /* S5_11723.swift */,
				650630502A408D4E00094DBF /* S5_10989.swift */,
				650630512A408D4E00094DBF /* S2_18352.swift */,
				650630522A408D4E00094DBF /* S4_2960.swift */,
				650630532A408D4E00094DBF /* S5_15904.swift */,
				650630542A408D4E00094DBF /* S4_1049.swift */,
				650630552A408D4E00094DBF /* S4_1026_2.swift */,
				650630562A408D4E00094DBF /* S4_1388.swift */,
				650630572A408D4E00094DBF /* S1_11497.swift */,
				650630582A408D4E00094DBF /* S5_1475.swift */,
				650630592A408D4E00094DBF /* S5_1789.swift */,
				6506305A2A408D4E00094DBF /* S3_3085.swift */,
				6506305B2A408D4E00094DBF /* S3_1213.swift */,
				6506305C2A408D4E00094DBF /* S5_1343.swift */,
				6506305D2A408D4E00094DBF /* S5_10815.swift */,
				6506305E2A408D4E00094DBF /* S1_2468.swift */,
				6506305F2A408D4E00094DBF /* S5_2581.swift */,
				650630602A408D4E00094DBF /* S4_1543.swift */,
				650630612A408D4E00094DBF /* S1_1931.swift */,
				650630622A408D4E00094DBF /* S3_18310.swift */,
				650630632A408D4E00094DBF /* S4_10816.swift */,
				650630642A408D4E00094DBF /* S4_1920.swift */,
				650630652A408D4E00094DBF /* S2_2805.swift */,
				650630662A408D4E00094DBF /* S2_1260_2.swift */,
				650630672A408D4E00094DBF /* S4_9012.swift */,
				650630682A408D4E00094DBF /* S5_2609.swift */,
				650630692A408D4E00094DBF /* S5_2751.swift */,
				6506306A2A408D4E00094DBF /* S5_1427.swift */,
				6506306B2A408D4E00094DBF /* S4_1065.swift */,
				6506306C2A408D4E00094DBF /* S3_1003.swift */,
				6506306D2A408D4E00094DBF /* S5_10610.swift */,
				6506306E2A408D4E00094DBF /* S2_11725.swift */,
				6506306F2A408D4E00094DBF /* S4_13305.swift */,
				650630702A408D4E00094DBF /* S3_17413.swift */,
				650630712A408D4E00094DBF /* S5_1010.swift */,
				650630722A408D4E00094DBF /* S4_2217.swift */,
				650630732A408D4E00094DBF /* S1_2667_2.swift */,
				650630742A408D4E00094DBF /* S5_4796.swift */,
				650630752A408D4E00094DBF /* S5_2941.swift */,
				650630762A408D4E00094DBF /* S1_15903.swift */,
				650630772A408D4E00094DBF /* S1_2667.swift */,
				650630782A408D4E00094DBF /* S2_4963.swift */,
				650630792A408D4E00094DBF /* S3_1966.swift */,
				6506307A2A408D4E00094DBF /* S2_2644_2.swift */,
				6506307B2A408D4E00094DBF /* S4_1978.swift */,
				6506307C2A408D4E00094DBF /* S4_1026.swift */,
				6506307D2A408D4E00094DBF /* S2_1541.swift */,
				6506307E2A408D4E00094DBF /* S2_11724.swift */,
				6506307F2A408D4E00094DBF /* S4_10828.swift */,
				650630802A408D4E00094DBF /* S1_1946.swift */,
				650630812A408D4E00094DBF /* S3_11399.swift */,
				650630822A408D4E00094DBF /* S5_1969.swift */,
				650630832A408D4E00094DBF /* S5_14916.swift */,
				650630842A408D4E00094DBF /* S2_4963_2.swift */,
				650630852A408D4E00094DBF /* S3_9095.swift */,
				650630862A408D4E00094DBF /* S1_2504.swift */,
				650630872A408D4E00094DBF /* S3_2606.swift */,
				650630882A408D4E00094DBF /* S1_16953.swift */,
				650630892A408D4E00094DBF /* S5_1316.swift */,
				6506308A2A408D4E00094DBF /* S3_1449.swift */,
				6506308B2A408D4E00094DBF /* S3_2012.swift */,
				6506308C2A408D4E00094DBF /* S3_11047.swift */,
				6506308D2A408D4E00094DBF /* S5_4673.swift */,
				6506308E2A408D4E00094DBF /* S2_11724_2.swift */,
				6506308F2A408D4E00094DBF /* S5_1439.swift */,
				650630902A408D4E00094DBF /* S1_1080.swift */,
				650630912A408D4E00094DBF /* S2_1012.swift */,
				650630922A408D4E00094DBF /* S2_11501.swift */,
				650630932A408D4E00094DBF /* S4_2839_2.swift */,
				650630942A408D4E00094DBF /* S5_11650.swift */,
				650630952A408D4E00094DBF /* S5_11866.swift */,
			);
			name = Silver;
			path = "CodingTest/BOJ/~23.06.18/Silver";
			sourceTree = SOURCE_ROOT;
		};
		650630962A408D4E00094DBF /* 대회 */ = {
			isa = PBXGroup;
			children = (
				650630972A408D4E00094DBF /* 제2회곰곰컵_A.swift */,
				650630982A408D4E00094DBF /* SCUPC_A.swift */,
			);
			name = "대회";
			path = "CodingTest/BOJ/~23.06.18/대회";
			sourceTree = SOURCE_ROOT;
		};
		650630992A408D4E00094DBF /* Gold */ = {
			isa = PBXGroup;
			children = (
				6506309A2A408D4E00094DBF /* G4_1715.swift */,
				6506309B2A408D4E00094DBF /* G4_1339.swift */,
				6506309C2A408D4E00094DBF /* G3_2812.swift */,
				6506309D2A408D4E00094DBF /* G4_1715_2.swift */,
				6506309E2A408D4E00094DBF /* G5_15866.swift */,
				6506309F2A408D4E00094DBF /* G3_2437.swift */,
				650630A02A408D4E00094DBF /* G4_1744.swift */,
				650630A12A408D4E00094DBF /* G2_1202.swift */,
				650630A22A408D4E00094DBF /* G5_11000.swift */,
			);
			name = Gold;
			path = "CodingTest/BOJ/~23.06.18/Gold";
			sourceTree = SOURCE_ROOT;
		};
		650630A32A408D8400094DBF /* ~23.06.18 */ = {
			isa = PBXGroup;
			children = (
				650630A42A408D8400094DBF /* etc */,
				650630A72A408D8400094DBF /* Lv1 */,
				650630C22A408D8400094DBF /* Lv0 */,
				650631092A408D8400094DBF /* Lv2 */,
				650631212A408D8400094DBF /* Lv3 */,
			);
			name = "~23.06.18";
			path = "/Users/kimsunghun/Desktop/ungchun/SwiftCodingTest/CodingTest/Programmers/~23.06.18";
			sourceTree = "<absolute>";
		};
		650630A42A408D8400094DBF /* etc */ = {
			isa = PBXGroup;
			children = (
				650630A52A408D8400094DBF /* 쿼드트리예제.swift */,
				650630A62A408D8400094DBF /* 사전테스트_1.swift */,
			);
			name = etc;
			path = "CodingTest/Programmers/~23.06.18/etc";
			sourceTree = SOURCE_ROOT;
		};
		650630A72A408D8400094DBF /* Lv1 */ = {
			isa = PBXGroup;
			children = (
				650630A82A408D8400094DBF /* Lv1_K번째수.swift */,
				650630A92A408D8400094DBF /* Lv1_예산.swift */,
				650630AA2A408D8400094DBF /* Lv1_명예의 전당.swift */,
				650630AB2A408D8400094DBF /* Lv1_로또의 최고 순위와 최저 순위.swift */,
				650630AC2A408D8400094DBF /* Lv1_숫자 문자열과 영단어.swift */,
				650630AD2A408D8400094DBF /* Lv1_기사단원의 무기.swift */,
				650630AE2A408D8400094DBF /* Lv1_2016년.swift */,
				650630AF2A408D8400094DBF /* Lv1_신고 결과 받기_2.swift */,
				650630B02A408D8400094DBF /* Lv1_내적.swift */,
				650630B12A408D8400094DBF /* Lv1_체육복.swift */,
				650630B22A408D8400094DBF /* Lv1_소수 만들기.swift */,
				650630B32A408D8400094DBF /* Lv1_크레인 인형뽑기 게임.swift */,
				650630B42A408D8400094DBF /* Lv1_과일 장수.swift */,
				650630B52A408D8400094DBF /* Lv1_문자열 나누기.swift */,
				650630B62A408D8400094DBF /* Lv1_햄버거 만들기.swift */,
				650630B72A408D8400094DBF /* Lv1_키패드 누르기.swift */,
				650630B82A408D8400094DBF /* Lv1_최소직사각형.swift */,
				650630B92A408D8400094DBF /* Lv1_없는 숫자 더하기.swift */,
				650630BA2A408D8400094DBF /* Lv1_콜라츠 추측.swift */,
				650630BB2A408D8400094DBF /* Lv1_약수의 개수와 덧셈.swift */,
				650630BC2A408D8400094DBF /* Lv1_실패율.swift */,
				650630BD2A408D8400094DBF /* Lv1_신규 아이디 추천.swift */,
				650630BE2A408D8400094DBF /* Lv1_옹알이 (2).swift */,
				650630BF2A408D8400094DBF /* Lv1_음양 더하기.swift */,
				650630C02A408D8400094DBF /* Lv1_모의고사.swift */,
				650630C12A408D8400094DBF /* Lv1_신고 결과 받기.swift */,
			);
			name = Lv1;
			path = "CodingTest/Programmers/~23.06.18/Lv1";
			sourceTree = SOURCE_ROOT;
		};
		650630C22A408D8400094DBF /* Lv0 */ = {
			isa = PBXGroup;
			children = (
				650630C32A408D8400094DBF /* Lv0_특정 문자 제거하기.swift */,
				650630C42A408D8400094DBF /* Lv0_중복된 숫자 개수.swift */,
				650630C52A408D8400094DBF /* Lv0_약수 구하기.swift */,
				650630C62A408D8400094DBF /* Lv0_배열 원소의 길이.swift */,
				650630C72A408D8400094DBF /* Lv0_몫 구하기.swift */,
				650630C82A408D8400094DBF /* Lv0_인덱스 바꾸기.swift */,
				650630C92A408D8400094DBF /* Lv0_배열 회전시키기.swift */,
				650630CA2A408D8400094DBF /* Lv0_2차원으로 만들기.swift */,
				650630CB2A408D8400094DBF /* Lv0_각도기.swift */,
				650630CC2A408D8400094DBF /* Lv0_나머지 구하기.swift */,
				650630CD2A408D8400094DBF /* Lv0_대문자와 소문자.swift */,
				650630CE2A408D8400094DBF /* Lv0_배열의 평균값.swift */,
				650630CF2A408D8400094DBF /* Lv0_최댓값 만들기 (2).swift */,
				650630D02A408D8400094DBF /* Lv0_주사위의 개수.swift */,
				650630D12A408D8400094DBF /* Lv0_두 수의 곱.swift */,
				650630D22A408D8400094DBF /* Lv0_숨어있는 숫자의 덧셈 (2).swift */,
				650630D32A408D8400094DBF /* Lv0_배열 뒤집기.swift */,
				650630D42A408D8400094DBF /* Lv0_배열 자르기.swift */,
				650630D52A408D8400094DBF /* Lv0_피자 나눠 먹기 (3).swift */,
				650630D62A408D8400094DBF /* Lv0_가장 큰 수 찾기.swift */,
				650630D72A408D8400094DBF /* Lv0_다른 사람의 풀이.swift */,
				650630D82A408D8400094DBF /* Lv0_팩토리얼.swift */,
				650630D92A408D8400094DBF /* Lv0_배열의 유사도.swift */,
				650630DA2A408D8400094DBF /* Lv0_옷가게 할인 받기.swift */,
				650630DB2A408D8400094DBF /* Lv0_두 수의 차.swift */,
				650630DC2A408D8400094DBF /* Lv0_숫자 비교하기.swift */,
				650630DD2A408D8400094DBF /* Lv0_피자 나눠 먹기 (1).swift */,
				650630DE2A408D8400094DBF /* Lv0_자릿수 더하기.swift */,
				650630DF2A408D8400094DBF /* Lv0_가까운 수.swift */,
				650630E02A408D8400094DBF /* Lv0_이진수 더하기.swift */,
				650630E12A408D8400094DBF /* Lv0_양꼬치.swift */,
				650630E22A408D8400094DBF /* Lv0_소인수분해.swift */,
				650630E32A408D8400094DBF /* Lv0_중복된 문자 제거.swift */,
				650630E42A408D8400094DBF /* Lv0_진료순서 정하기.swift */,
				650630E52A408D8400094DBF /* Lv0_편지.swift */,
				650630E62A408D8400094DBF /* Lv0_제곱수 판별하기.swift */,
				650630E72A408D8400094DBF /* Lv0_점의 위치 구하기.swift */,
				650630E82A408D8400094DBF /* Lv0_아이스 아메리카노.swift */,
				650630E92A408D8400094DBF /* Lv0_삼각형의 완성조건 (1).swift */,
				650630EA2A408D8400094DBF /* Lv0_한 번만 등장한 문자.swift */,
				650630EB2A408D8400094DBF /* Lv0_개미 군단.swift */,
				650630EC2A408D8400094DBF /* Lv0_최댓값 만들기 (1).swift */,
				650630ED2A408D8400094DBF /* Lv0_순서쌍의 개수.swift */,
				650630EE2A408D8400094DBF /* Lv0_중앙값 구하기.swift */,
				650630EF2A408D8400094DBF /* Lv0_직각삼각형 출력하기.swift */,
				650630F02A408D8400094DBF /* Lv0_문자열 정리하기 (1).swift */,
				650630F12A408D8400094DBF /* Lv0_369게임.swift */,
				650630F22A408D8400094DBF /* Lv0_두 수의 합.swift */,
				650630F32A408D8400094DBF /* Lv0_숫자 찾기.swift */,
				650630F42A408D8400094DBF /* Lv0_문자열 정렬하기 (2).swift */,
				650630F52A408D8400094DBF /* Lv0_문자 반복 출력하기.swift */,
				650630F62A408D8400094DBF /* Lv0_문자열안에 문자열.swift */,
				650630F72A408D8400094DBF /* Lv0_문자열 뒤집기.swift */,
				650630F82A408D8400094DBF /* Lv0_나이 출력.swift */,
				650630F92A408D8400094DBF /* Lv0_암호 해독.swift */,
				650630FA2A408D8400094DBF /* Lv0_피자 나눠 먹기 (2).swift */,
				650630FB2A408D8400094DBF /* Lv0_7의 개수.swift */,
				650630FC2A408D8400094DBF /* Lv0_짝수는 싫어요.swift */,
				650630FD2A408D8400094DBF /* Lv0_머쓱이보다 키 큰 사람.swift */,
				650630FE2A408D8400094DBF /* Lv0_세균 증식.swift */,
				650630FF2A408D8400094DBF /* Lv0_A로 B 만들기 .swift */,
				650631002A408D8400094DBF /* Lv0_모음 제거.swift */,
				650631012A408D8400094DBF /* Lv0_모스부호 (1).swift */,
				650631022A408D8400094DBF /* Lv0_배열 두 배 만들기.swift */,
				650631032A408D8400094DBF /* Lv0_합성수 찾기.swift */,
				650631042A408D8400094DBF /* Lv0_짝수 홀수 개수.swift */,
				650631052A408D8400094DBF /* Lv0_k의 개수.swift */,
				650631062A408D8400094DBF /* Lv0_n의 배수 고르기.swift */,
				650631072A408D8400094DBF /* Lv0_숨어있는 숫자의 덧셈 (1).swift */,
				650631082A408D8400094DBF /* Lv0_외계행성의 나이.swift */,
			);
			name = Lv0;
			path = "CodingTest/Programmers/~23.06.18/Lv0";
			sourceTree = SOURCE_ROOT;
		};
		650631092A408D8400094DBF /* Lv2 */ = {
			isa = PBXGroup;
			children = (
				6506310A2A408D8400094DBF /* Lv2_최솟값 만들기.swift */,
				6506310B2A408D8400094DBF /* Lv2_N개의 최소공배수_2.swift */,
				6506310C2A408D8400094DBF /* Lv2_점프와 순간 이동_2.swift */,
				6506310D2A408D8400094DBF /* Lv2_멀리 뛰기.swift */,
				6506310E2A408D8400094DBF /* Lv2_H-Index.swift */,
				6506310F2A408D8400094DBF /* Lv2_행렬의 곱셈.swift */,
				650631102A408D8400094DBF /* Lv2_JadenCase 문자열 만들기.swift */,
				650631112A408D8400094DBF /* Lv2_멀리 뛰기_2.swift */,
				650631122A408D8400094DBF /* Lv2_영어 끝말잇기.swift */,
				650631132A408D8400094DBF /* Lv2_이진 변환 반복하기 .swift */,
				650631142A408D8400094DBF /* Lv2_행렬의 곱셈_2.swift */,
				650631152A408D8400094DBF /* Lv2_짝지어 제거하기.swift */,
				650631162A408D8400094DBF /* Lv2_카펫.swift */,
				650631172A408D8400094DBF /* Lv2_점프와 순간 이동.swift */,
				650631182A408D8400094DBF /* Lv2_다음 큰 숫자.swift */,
				650631192A408D8400094DBF /* Lv2_피보나치 수.swift */,
				6506311A2A408D8400094DBF /* Lv2_예상 대진표_2.swift */,
				6506311B2A408D8400094DBF /* Lv2_예상 대진표.swift */,
				6506311C2A408D8400094DBF /* Lv2_캐시.swift */,
				6506311D2A408D8400094DBF /* Lv2_올바른 괄호.swift */,
				6506311E2A408D8400094DBF /* Lv2_N개의 최소공배수.swift */,
				6506311F2A408D8400094DBF /* Lv2_영어 끝말잇기_2.swift */,
				650631202A408D8400094DBF /* Lv2_최댓값과 최솟값.swift */,
			);
			name = Lv2;
			path = "CodingTest/Programmers/~23.06.18/Lv2";
			sourceTree = SOURCE_ROOT;
		};
		650631212A408D8400094DBF /* Lv3 */ = {
			isa = PBXGroup;
			children = (
				650631222A408D8400094DBF /* Lv3_베스트앨범.swift */,
				650631232A408D8400094DBF /* Lv3_네트워크.swift */,
				650631242A408D8400094DBF /* Lv3_단어 변환.swift */,
				650631252A408D8400094DBF /* Lv3_이중우선순위큐.swift */,
				650631262A408D8400094DBF /* Lv3_숫자 게임.swift */,
				650631272A408D8400094DBF /* Lv3_기지국 설치.swift */,
			);
			name = Lv3;
			path = "CodingTest/Programmers/~23.06.18/Lv3";
			sourceTree = SOURCE_ROOT;
		};
		650631282A408DC800094DBF /* Api */ = {
			isa = PBXGroup;
			children = (
				650631292A408DC800094DBF /* FileIO.swift */,
			);
			path = Api;
			sourceTree = "<group>";
		};
		6506312A2A408E1500094DBF /* 23.06.19 */ = {
			isa = PBXGroup;
			children = (
				6506312B2A408E4800094DBF /* x 사이의 개수.swift */,
			);
			path = 23.06.19;
			sourceTree = "<group>";
		};
		6506312D2A4121DE00094DBF /* 23.06.20 */ = {
			isa = PBXGroup;
			children = (
				6506312E2A4121FC00094DBF /* 특별한 이차원 배열 1.swift */,
				650631302A41232200094DBF /* 문자열 섞기.swift */,
				650631312A41264F00094DBF /* 간단한 식 계산하기 .swift */,
				650631332A4128E000094DBF /* 9로 나눈 나머지.swift */,
			);
			path = 23.06.20;
			sourceTree = "<group>";
		};
		650631352A42776500094DBF /* 23.06.21 */ = {
			isa = PBXGroup;
			children = (
				650631362A42780800094DBF /* 1260번 DFS와 BFS.swift */,
			);
			path = 23.06.21;
			sourceTree = "<group>";
		};
		650631482A4525D800094DBF /* 23.06.23 */ = {
			isa = PBXGroup;
			children = (
				650631492A4525E400094DBF /* 주사위 게임 2.swift */,
				6506314A2A4529DF00094DBF /* 배열 만들기 3.swift */,
			);
			path = 23.06.23;
			sourceTree = "<group>";
		};
		6506314D2A46A47600094DBF /* 23.06.24 */ = {
			isa = PBXGroup;
			children = (
				6506314E2A46A48800094DBF /* 대소문자 바꿔서 출력하기.swift */,
			);
			path = 23.06.24;
			sourceTree = "<group>";
		};
		650631502A46AB2600094DBF /* 23.06.24 */ = {
			isa = PBXGroup;
			children = (
				650631512A46AB4200094DBF /* 2606번 바이러스.swift */,
			);
			path = 23.06.24;
			sourceTree = "<group>";
		};
		650631592A47F2C900094DBF /* 23.06.25 */ = {
			isa = PBXGroup;
			children = (
				6506315A2A47F2DA00094DBF /* 문자열 돌리기 .swift */,
				6506315B2A47F3BB00094DBF /* 두 수의 연산값 비교하기.swift */,
				6506315C2A47F78B00094DBF /* 콜라츠 수열 만들기.swift */,
			);
			path = 23.06.25;
			sourceTree = "<group>";
		};
		6506315D2A48023B00094DBF /* 23.06.25 */ = {
			isa = PBXGroup;
			children = (
				6506315E2A48026400094DBF /* 1012번 유기농 배추.swift */,
			);
			path = 23.06.25;
			sourceTree = "<group>";
		};
		650631762A490A2D00094DBF /* 23.06.26 */ = {
			isa = PBXGroup;
			children = (
				650631772A490A3B00094DBF /* 가까운 1 찾기.swift */,
				650631782A490ABF00094DBF /* 문자열 잘라서 정렬하기.swift */,
				650631792A490E2D00094DBF /* 등차수열의 특정한 항만 더하기.swift */,
			);
			path = 23.06.26;
			sourceTree = "<group>";
		};
		6506317A2A49132C00094DBF /* 23.06.26 */ = {
			isa = PBXGroup;
			children = (
				6506317B2A49133E00094DBF /* 11724번 연결 요소의 개수.swift */,
			);
			path = 23.06.26;
			sourceTree = "<group>";
		};
		651866712A7FC8F600CC30B7 /* 23.08.06 */ = {
			isa = PBXGroup;
			children = (
				651866722A7FC90900CC30B7 /* 수 조작하기 2.swift */,
				651866732A7FCBA600CC30B7 /* 수열과 구간 쿼리 1.swift */,
			);
			path = 23.08.06;
			sourceTree = "<group>";
		};
		654D12D02A8264BA00DFDEBC /* 23.08.08 */ = {
			isa = PBXGroup;
			children = (
				654D12D12A8264CC00DFDEBC /* 이차원 배열 대각선 순회하기.swift */,
				654D12D22A826A6200DFDEBC /* 특정 문자열로 끝나는 가장 긴 부분 문자열 찾기.swift */,
				654D12D32A8271D300DFDEBC /* 빈 배열에 추가, 삭제하기.swift */,
			);
			path = 23.08.08;
			sourceTree = "<group>";
		};
		654D12D42A835BB600DFDEBC /* 23.08.09 */ = {
			isa = PBXGroup;
			children = (
				654D12D52A835BCF00DFDEBC /* 세로 읽기.swift */,
				654D12D62A835F7D00DFDEBC /* 글자 지우기.swift */,
				654D12D72A83625B00DFDEBC /* 수열과 구간 쿼리 3.swift */,
			);
			path = 23.08.09;
			sourceTree = "<group>";
		};
		654D12DA2A84943700DFDEBC /* 23.08.10 */ = {
			isa = PBXGroup;
			children = (
				654D12DB2A84944E00DFDEBC /* 16435번 스네이크버드.swift */,
				654D12DC2A84989700DFDEBC /* 1449번 수리공 항승.swift */,
			);
			path = 23.08.10;
			sourceTree = "<group>";
		};
		654D12FB2A85CCF300DFDEBC /* 23.08.11 */ = {
			isa = PBXGroup;
			children = (
				654D12FC2A85CD0600DFDEBC /* 2606번 바이러스.swift */,
				654D12FD2A85D63300DFDEBC /* 2667번 단지번호붙이기.swift */,
			);
			path = 23.08.11;
			sourceTree = "<group>";
		};
		654D13092A89E86900DFDEBC /* 23.08.14 */ = {
			isa = PBXGroup;
			children = (
				654D130A2A89E87F00DFDEBC /* 1417번 국회의원 선거.swift */,
			);
			path = 23.08.14;
			sourceTree = "<group>";
		};
		6556C3F02A6A1F8600B4EEE1 /* 23.07.21 */ = {
			isa = PBXGroup;
			children = (
				6556C3F12A6A1F9A00B4EEE1 /* 1439번 뒤집기.swift */,
				6556C3F22A6A3C4000B4EEE1 /* 2720번 세탁소 사장 동혁.swift */,
			);
			path = 23.07.21;
			sourceTree = "<group>";
		};
		6556C3F82A6BFBEA00B4EEE1 /* 23.07.22 */ = {
			isa = PBXGroup;
			children = (
				6556C3F92A6BFC0400B4EEE1 /* 1339번 단어 수학.swift */,
			);
			path = 23.07.22;
			sourceTree = "<group>";
		};
		65AEDEB12A7A9A4E00234215 /* 23.08.02 */ = {
			isa = PBXGroup;
			children = (
				65AEDEB22A7A9B2D00234215 /* 1049번 기타줄.swift */,
			);
			path = 23.08.02;
			sourceTree = "<group>";
		};
		65C076312A4A6600003E6D92 /* 23.06.27 */ = {
			isa = PBXGroup;
			children = (
				65C076322A4A67B1003E6D92 /* 2839번 설탕 배달.swift */,
				65C076332A4A6865003E6D92 /* 11399번 ATM.swift */,
			);
			path = 23.06.27;
			sourceTree = "<group>";
		};
		65C076432A4BB609003E6D92 /* 23.06.28 */ = {
			isa = PBXGroup;
			children = (
				65C076442A4BB61E003E6D92 /* 11047번 동전 0.swift */,
				65C076452A4BC665003E6D92 /* 1931번 회의실 배정.swift */,
			);
			path = 23.06.28;
			sourceTree = "<group>";
		};
		65C0764E2A4D09A0003E6D92 /* 23.06.29 */ = {
			isa = PBXGroup;
			children = (
				65C0764F2A4D09AE003E6D92 /* 배열 만들기 5.swift */,
				65C076502A4D0E9D003E6D92 /* 날짜 비교하기.swift */,
			);
			path = 23.06.29;
			sourceTree = "<group>";
		};
		65C076512A4D137C003E6D92 /* 23.06.29 */ = {
			isa = PBXGroup;
			children = (
				65C076522A4D138F003E6D92 /* 1541번 잃어버린 괄호.swift */,
			);
			path = 23.06.29;
			sourceTree = "<group>";
		};
		65C0765F2A4E5D6D003E6D92 /* 23.06.30 */ = {
			isa = PBXGroup;
			children = (
				65C076602A4E5D87003E6D92 /* 1026번 보물.swift */,
				65C076612A4E6168003E6D92 /* 5585번 거스름돈.swift */,
				65C076622A4E6584003E6D92 /* 2217번 로프.swift */,
			);
			path = 23.06.30;
			sourceTree = "<group>";
		};
		65C0766B2A5265B3003E6D92 /* 23.07.03 */ = {
			isa = PBXGroup;
			children = (
				65C0766C2A5265C5003E6D92 /* 1092번 배.swift */,
			);
			path = 23.07.03;
			sourceTree = "<group>";
		};
		65C076732A53B5B7003E6D92 /* 23.07.04 */ = {
			isa = PBXGroup;
			children = (
				65C076742A53B5C9003E6D92 /* 문자열 겹쳐쓰기.swift */,
			);
			path = 23.07.04;
			sourceTree = "<group>";
		};
		65C076772A55096B003E6D92 /* 23.07.05 */ = {
			isa = PBXGroup;
			children = (
				65C076782A550983003E6D92 /* 11501번 주식.swift */,
				65C076792A55A9DF003E6D92 /* 2872번 우리집엔 도서관이 있어.swift */,
			);
			path = 23.07.05;
			sourceTree = "<group>";
		};
		65C076CD2A579446003E6D92 /* 23.07.07 */ = {
			isa = PBXGroup;
			children = (
				65C076CE2A579457003E6D92 /* 1789번 수들의 합.swift */,
				65C076CF2A579900003E6D92 /* 13305번 주유소.swift */,
			);
			path = 23.07.07;
			sourceTree = "<group>";
		};
		65C076FA2A5A7381003E6D92 /* 23.07.09 */ = {
			isa = PBXGroup;
			children = (
				65C076FB2A5A7397003E6D92 /* 11404번 플로이드.swift */,
			);
			path = 23.07.09;
			sourceTree = "<group>";
		};
		65C077002A5B8803003E6D92 /* 23.07.10 */ = {
			isa = PBXGroup;
			children = (
				65C077012A5B8816003E6D92 /* 10162번 전자레인지.swift */,
				65C077022A5B8C5C003E6D92 /* 10610번 30.swift */,
			);
			path = 23.07.10;
			sourceTree = "<group>";
		};
		65C0772E2A5E393F003E6D92 /* 23.07.12 */ = {
			isa = PBXGroup;
			children = (
				65C0772F2A5E3952003E6D92 /* 1715번 카드 정렬하기.swift */,
			);
			path = 23.07.12;
			sourceTree = "<group>";
		};
		65C077302A5F7DAD003E6D92 /* 23.07.13 */ = {
			isa = PBXGroup;
			children = (
				65C077312A5F7DC1003E6D92 /* 1946번 신입 사원.swift */,
			);
			path = 23.07.13;
			sourceTree = "<group>";
		};
		65C077542A67724B003E6D92 /* 23.07.19 */ = {
			isa = PBXGroup;
			children = (
				65C077552A67726C003E6D92 /* 16953번 A->B.swift */,
			);
			path = 23.07.19;
			sourceTree = "<group>";
		};
		65C68BCC2A89F01A00ED0C2F /* 23.08.14 */ = {
			isa = PBXGroup;
			children = (
				65C68BCD2A89F02900ED0C2F /* 문자열 뒤집기.swift */,
			);
			path = 23.08.14;
			sourceTree = "<group>";
		};
		BC87721B28463E360098482C /* BOJ */ = {
			isa = PBXGroup;
			children = (
				654D13092A89E86900DFDEBC /* 23.08.14 */,
				654D12FB2A85CCF300DFDEBC /* 23.08.11 */,
				654D12DA2A84943700DFDEBC /* 23.08.10 */,
				65AEDEB12A7A9A4E00234215 /* 23.08.02 */,
				6556C3F82A6BFBEA00B4EEE1 /* 23.07.22 */,
				6556C3F02A6A1F8600B4EEE1 /* 23.07.21 */,
				65C077542A67724B003E6D92 /* 23.07.19 */,
				65C077302A5F7DAD003E6D92 /* 23.07.13 */,
				65C0772E2A5E393F003E6D92 /* 23.07.12 */,
				65C077002A5B8803003E6D92 /* 23.07.10 */,
				65C076FA2A5A7381003E6D92 /* 23.07.09 */,
				65C076CD2A579446003E6D92 /* 23.07.07 */,
				65C076772A55096B003E6D92 /* 23.07.05 */,
				65C0766B2A5265B3003E6D92 /* 23.07.03 */,
				65C0765F2A4E5D6D003E6D92 /* 23.06.30 */,
				65C076512A4D137C003E6D92 /* 23.06.29 */,
				65C076432A4BB609003E6D92 /* 23.06.28 */,
				65C076312A4A6600003E6D92 /* 23.06.27 */,
				6506317A2A49132C00094DBF /* 23.06.26 */,
				6506315D2A48023B00094DBF /* 23.06.25 */,
				650631502A46AB2600094DBF /* 23.06.24 */,
				650631352A42776500094DBF /* 23.06.21 */,
				6506303A2A408D4E00094DBF /* ~23.06.18 */,
			);
			path = BOJ;
			sourceTree = "<group>";
		};
		BC877242284649530098482C /* Programmers */ = {
			isa = PBXGroup;
			children = (
				65C68BCC2A89F01A00ED0C2F /* 23.08.14 */,
				654D12D42A835BB600DFDEBC /* 23.08.09 */,
				654D12D02A8264BA00DFDEBC /* 23.08.08 */,
				651866712A7FC8F600CC30B7 /* 23.08.06 */,
				65C076732A53B5B7003E6D92 /* 23.07.04 */,
				65C0764E2A4D09A0003E6D92 /* 23.06.29 */,
				650631762A490A2D00094DBF /* 23.06.26 */,
				650631592A47F2C900094DBF /* 23.06.25 */,
				6506314D2A46A47600094DBF /* 23.06.24 */,
				650631482A4525D800094DBF /* 23.06.23 */,
				6506312D2A4121DE00094DBF /* 23.06.20 */,
				6506312A2A408E1500094DBF /* 23.06.19 */,
				650630A32A408D8400094DBF /* ~23.06.18 */,
			);
			path = Programmers;
			sourceTree = "<group>";
		};
		BCE11DFB281E24550044DBC2 = {
			isa = PBXGroup;
			children = (
				BCE11E06281E24550044DBC2 /* CodingTest */,
				BCE11E05281E24550044DBC2 /* Products */,
			);
			sourceTree = "<group>";
		};
		BCE11E05281E24550044DBC2 /* Products */ = {
			isa = PBXGroup;
			children = (
				BCE11E04281E24550044DBC2 /* CodingTest */,
			);
			name = Products;
			sourceTree = "<group>";
		};
		BCE11E06281E24550044DBC2 /* CodingTest */ = {
			isa = PBXGroup;
			children = (
				BCE11E07281E24550044DBC2 /* main.swift */,
				650631282A408DC800094DBF /* Api */,
				BC877242284649530098482C /* Programmers */,
				BC87721B28463E360098482C /* BOJ */,
			);
			path = CodingTest;
			sourceTree = "<group>";
		};
/* End PBXGroup section */

/* Begin PBXNativeTarget section */
		BCE11E03281E24550044DBC2 /* CodingTest */ = {
			isa = PBXNativeTarget;
			buildConfigurationList = BCE11E0B281E24550044DBC2 /* Build configuration list for PBXNativeTarget "CodingTest" */;
			buildPhases = (
				BCE11E00281E24550044DBC2 /* Sources */,
				BCE11E01281E24550044DBC2 /* Frameworks */,
				BCE11E02281E24550044DBC2 /* CopyFiles */,
			);
			buildRules = (
			);
			dependencies = (
			);
			name = CodingTest;
			productName = CT_CommandLineTool;
			productReference = BCE11E04281E24550044DBC2 /* CodingTest */;
			productType = "com.apple.product-type.tool";
		};
/* End PBXNativeTarget section */

/* Begin PBXProject section */
		BCE11DFC281E24550044DBC2 /* Project object */ = {
			isa = PBXProject;
			attributes = {
				BuildIndependentTargetsInParallel = 1;
				LastSwiftUpdateCheck = 1330;
				LastUpgradeCheck = 1330;
				TargetAttributes = {
					BCE11E03281E24550044DBC2 = {
						CreatedOnToolsVersion = 13.3;
					};
				};
			};
			buildConfigurationList = BCE11DFF281E24550044DBC2 /* Build configuration list for PBXProject "CodingTest" */;
			compatibilityVersion = "Xcode 13.0";
			developmentRegion = en;
			hasScannedForEncodings = 0;
			knownRegions = (
				en,
				Base,
			);
			mainGroup = BCE11DFB281E24550044DBC2;
			productRefGroup = BCE11E05281E24550044DBC2 /* Products */;
			projectDirPath = "";
			projectRoot = "";
			targets = (
				BCE11E03281E24550044DBC2 /* CodingTest */,
			);
		};
/* End PBXProject section */

/* Begin PBXSourcesBuildPhase section */
		BCE11E00281E24550044DBC2 /* Sources */ = {
			isa = PBXSourcesBuildPhase;
			buildActionMask = 2147483647;
			files = (
				BCE11E08281E24550044DBC2 /* main.swift in Sources */,
			);
			runOnlyForDeploymentPostprocessing = 0;
		};
/* End PBXSourcesBuildPhase section */

/* Begin XCBuildConfiguration section */
		BCE11E09281E24550044DBC2 /* Debug */ = {
			isa = XCBuildConfiguration;
			buildSettings = {
				ALWAYS_SEARCH_USER_PATHS = NO;
				CLANG_ANALYZER_NONNULL = YES;
				CLANG_ANALYZER_NUMBER_OBJECT_CONVERSION = YES_AGGRESSIVE;
				CLANG_CXX_LANGUAGE_STANDARD = "gnu++17";
				CLANG_ENABLE_MODULES = YES;
				CLANG_ENABLE_OBJC_ARC = YES;
				CLANG_ENABLE_OBJC_WEAK = YES;
				CLANG_WARN_BLOCK_CAPTURE_AUTORELEASING = YES;
				CLANG_WARN_BOOL_CONVERSION = YES;
				CLANG_WARN_COMMA = YES;
				CLANG_WARN_CONSTANT_CONVERSION = YES;
				CLANG_WARN_DEPRECATED_OBJC_IMPLEMENTATIONS = YES;
				CLANG_WARN_DIRECT_OBJC_ISA_USAGE = YES_ERROR;
				CLANG_WARN_DOCUMENTATION_COMMENTS = YES;
				CLANG_WARN_EMPTY_BODY = YES;
				CLANG_WARN_ENUM_CONVERSION = YES;
				CLANG_WARN_INFINITE_RECURSION = YES;
				CLANG_WARN_INT_CONVERSION = YES;
				CLANG_WARN_NON_LITERAL_NULL_CONVERSION = YES;
				CLANG_WARN_OBJC_IMPLICIT_RETAIN_SELF = YES;
				CLANG_WARN_OBJC_LITERAL_CONVERSION = YES;
				CLANG_WARN_OBJC_ROOT_CLASS = YES_ERROR;
				CLANG_WARN_QUOTED_INCLUDE_IN_FRAMEWORK_HEADER = YES;
				CLANG_WARN_RANGE_LOOP_ANALYSIS = YES;
				CLANG_WARN_STRICT_PROTOTYPES = YES;
				CLANG_WARN_SUSPICIOUS_MOVE = YES;
				CLANG_WARN_UNGUARDED_AVAILABILITY = YES_AGGRESSIVE;
				CLANG_WARN_UNREACHABLE_CODE = YES;
				CLANG_WARN__DUPLICATE_METHOD_MATCH = YES;
				COPY_PHASE_STRIP = NO;
				DEBUG_INFORMATION_FORMAT = dwarf;
				ENABLE_STRICT_OBJC_MSGSEND = YES;
				ENABLE_TESTABILITY = YES;
				GCC_C_LANGUAGE_STANDARD = gnu11;
				GCC_DYNAMIC_NO_PIC = NO;
				GCC_NO_COMMON_BLOCKS = YES;
				GCC_OPTIMIZATION_LEVEL = 0;
				GCC_PREPROCESSOR_DEFINITIONS = (
					"DEBUG=1",
					"$(inherited)",
				);
				GCC_WARN_64_TO_32_BIT_CONVERSION = YES;
				GCC_WARN_ABOUT_RETURN_TYPE = YES_ERROR;
				GCC_WARN_UNDECLARED_SELECTOR = YES;
				GCC_WARN_UNINITIALIZED_AUTOS = YES_AGGRESSIVE;
				GCC_WARN_UNUSED_FUNCTION = YES;
				GCC_WARN_UNUSED_VARIABLE = YES;
				MACOSX_DEPLOYMENT_TARGET = 12.3;
				MTL_ENABLE_DEBUG_INFO = INCLUDE_SOURCE;
				MTL_FAST_MATH = YES;
				ONLY_ACTIVE_ARCH = YES;
				SDKROOT = macosx;
				SWIFT_ACTIVE_COMPILATION_CONDITIONS = DEBUG;
				SWIFT_OPTIMIZATION_LEVEL = "-Onone";
			};
			name = Debug;
		};
		BCE11E0A281E24550044DBC2 /* Release */ = {
			isa = XCBuildConfiguration;
			buildSettings = {
				ALWAYS_SEARCH_USER_PATHS = NO;
				CLANG_ANALYZER_NONNULL = YES;
				CLANG_ANALYZER_NUMBER_OBJECT_CONVERSION = YES_AGGRESSIVE;
				CLANG_CXX_LANGUAGE_STANDARD = "gnu++17";
				CLANG_ENABLE_MODULES = YES;
				CLANG_ENABLE_OBJC_ARC = YES;
				CLANG_ENABLE_OBJC_WEAK = YES;
				CLANG_WARN_BLOCK_CAPTURE_AUTORELEASING = YES;
				CLANG_WARN_BOOL_CONVERSION = YES;
				CLANG_WARN_COMMA = YES;
				CLANG_WARN_CONSTANT_CONVERSION = YES;
				CLANG_WARN_DEPRECATED_OBJC_IMPLEMENTATIONS = YES;
				CLANG_WARN_DIRECT_OBJC_ISA_USAGE = YES_ERROR;
				CLANG_WARN_DOCUMENTATION_COMMENTS = YES;
				CLANG_WARN_EMPTY_BODY = YES;
				CLANG_WARN_ENUM_CONVERSION = YES;
				CLANG_WARN_INFINITE_RECURSION = YES;
				CLANG_WARN_INT_CONVERSION = YES;
				CLANG_WARN_NON_LITERAL_NULL_CONVERSION = YES;
				CLANG_WARN_OBJC_IMPLICIT_RETAIN_SELF = YES;
				CLANG_WARN_OBJC_LITERAL_CONVERSION = YES;
				CLANG_WARN_OBJC_ROOT_CLASS = YES_ERROR;
				CLANG_WARN_QUOTED_INCLUDE_IN_FRAMEWORK_HEADER = YES;
				CLANG_WARN_RANGE_LOOP_ANALYSIS = YES;
				CLANG_WARN_STRICT_PROTOTYPES = YES;
				CLANG_WARN_SUSPICIOUS_MOVE = YES;
				CLANG_WARN_UNGUARDED_AVAILABILITY = YES_AGGRESSIVE;
				CLANG_WARN_UNREACHABLE_CODE = YES;
				CLANG_WARN__DUPLICATE_METHOD_MATCH = YES;
				COPY_PHASE_STRIP = NO;
				DEBUG_INFORMATION_FORMAT = "dwarf-with-dsym";
				ENABLE_NS_ASSERTIONS = NO;
				ENABLE_STRICT_OBJC_MSGSEND = YES;
				GCC_C_LANGUAGE_STANDARD = gnu11;
				GCC_NO_COMMON_BLOCKS = YES;
				GCC_WARN_64_TO_32_BIT_CONVERSION = YES;
				GCC_WARN_ABOUT_RETURN_TYPE = YES_ERROR;
				GCC_WARN_UNDECLARED_SELECTOR = YES;
				GCC_WARN_UNINITIALIZED_AUTOS = YES_AGGRESSIVE;
				GCC_WARN_UNUSED_FUNCTION = YES;
				GCC_WARN_UNUSED_VARIABLE = YES;
				MACOSX_DEPLOYMENT_TARGET = 12.3;
				MTL_ENABLE_DEBUG_INFO = NO;
				MTL_FAST_MATH = YES;
				SDKROOT = macosx;
				SWIFT_COMPILATION_MODE = wholemodule;
				SWIFT_OPTIMIZATION_LEVEL = "-O";
			};
			name = Release;
		};
		BCE11E0C281E24550044DBC2 /* Debug */ = {
			isa = XCBuildConfiguration;
			buildSettings = {
				CODE_SIGN_STYLE = Automatic;
				DEVELOPMENT_TEAM = "";
				ENABLE_HARDENED_RUNTIME = YES;
				PRODUCT_NAME = "$(TARGET_NAME)";
				SWIFT_VERSION = 5.0;
			};
			name = Debug;
		};
		BCE11E0D281E24550044DBC2 /* Release */ = {
			isa = XCBuildConfiguration;
			buildSettings = {
				CODE_SIGN_STYLE = Automatic;
				DEVELOPMENT_TEAM = "";
				ENABLE_HARDENED_RUNTIME = YES;
				PRODUCT_NAME = "$(TARGET_NAME)";
				SWIFT_VERSION = 5.0;
			};
			name = Release;
		};
/* End XCBuildConfiguration section */

/* Begin XCConfigurationList section */
		BCE11DFF281E24550044DBC2 /* Build configuration list for PBXProject "CodingTest" */ = {
			isa = XCConfigurationList;
			buildConfigurations = (
				BCE11E09281E24550044DBC2 /* Debug */,
				BCE11E0A281E24550044DBC2 /* Release */,
			);
			defaultConfigurationIsVisible = 0;
			defaultConfigurationName = Release;
		};
		BCE11E0B281E24550044DBC2 /* Build configuration list for PBXNativeTarget "CodingTest" */ = {
			isa = XCConfigurationList;
			buildConfigurations = (
				BCE11E0C281E24550044DBC2 /* Debug */,
				BCE11E0D281E24550044DBC2 /* Release */,
			);
			defaultConfigurationIsVisible = 0;
			defaultConfigurationName = Release;
		};
/* End XCConfigurationList section */
	};
	rootObject = BCE11DFC281E24550044DBC2 /* Project object */;
}
