// !$*UTF8*$!
{
	archiveVersion = 1;
	classes = {
	};
	objectVersion = 55;
	objects = {

/* Begin PBXBuildFile section */
		BC4F3468281FB9FF0040A701 /* FileIO.swift in Sources */ = {isa = PBXBuildFile; fileRef = BC4F3467281FB9FF0040A701 /* FileIO.swift */; };
		BCE11E08281E24550044DBC2 /* main.swift in Sources */ = {isa = PBXBuildFile; fileRef = BCE11E07281E24550044DBC2 /* main.swift */; };
/* End PBXBuildFile section */

/* Begin PBXCopyFilesBuildPhase section */
		BCE11E02281E24550044DBC2 /* CopyFiles */ = {
			isa = PBXCopyFilesBuildPhase;
			buildActionMask = 2147483647;
			dstPath = /usr/share/man/man1/;
			dstSubfolderSpec = 0;
			files = (
			);
			runOnlyForDeploymentPostprocessing = 1;
		};
/* End PBXCopyFilesBuildPhase section */

/* Begin PBXFileReference section */
		BC03B92028E67688008666AA /* Lv2_카펫.swift */ = {isa = PBXFileReference; lastKnownFileType = sourcecode.swift; path = "Lv2_카펫.swift"; sourceTree = "<group>"; };
		BC05F24F284EF31E0053681D /* S2_11725.swift */ = {isa = PBXFileReference; lastKnownFileType = sourcecode.swift; path = S2_11725.swift; sourceTree = "<group>"; };
		BC0CC13328DC1B2500B4C5D1 /* S1_2667_2.swift */ = {isa = PBXFileReference; lastKnownFileType = sourcecode.swift; path = S1_2667_2.swift; sourceTree = "<group>"; };
		BC0CC13428DC343400B4C5D1 /* S2_11724_2.swift */ = {isa = PBXFileReference; lastKnownFileType = sourcecode.swift; path = S2_11724_2.swift; sourceTree = "<group>"; };
		BC0CC13528DC3D5200B4C5D1 /* S4_2839_2.swift */ = {isa = PBXFileReference; lastKnownFileType = sourcecode.swift; path = S4_2839_2.swift; sourceTree = "<group>"; };
		BC0CC13628DC4F3200B4C5D1 /* S4_1026_2.swift */ = {isa = PBXFileReference; lastKnownFileType = sourcecode.swift; path = S4_1026_2.swift; sourceTree = "<group>"; };
		BC0FE777289E09B20022B907 /* Lv1_약수의 개수와 덧셈.swift */ = {isa = PBXFileReference; lastKnownFileType = sourcecode.swift; path = "Lv1_약수의 개수와 덧셈.swift"; sourceTree = "<group>"; };
		BC24929428BE0562003FC64A /* B2_2864.swift */ = {isa = PBXFileReference; lastKnownFileType = sourcecode.swift; path = B2_2864.swift; sourceTree = "<group>"; };
		BC24929528BE05D5003FC64A /* S5_1969.swift */ = {isa = PBXFileReference; lastKnownFileType = sourcecode.swift; path = S5_1969.swift; sourceTree = "<group>"; };
		BC2EDB7C28559205003D128B /* S1_1080.swift */ = {isa = PBXFileReference; lastKnownFileType = sourcecode.swift; path = S1_1080.swift; sourceTree = "<group>"; };
		BC30306F284A00D600E6D49A /* S4_1783.swift */ = {isa = PBXFileReference; lastKnownFileType = sourcecode.swift; path = S4_1783.swift; sourceTree = "<group>"; };
		BC40BE8528DD66CC00FFD842 /* G4_1715_2.swift */ = {isa = PBXFileReference; lastKnownFileType = sourcecode.swift; path = G4_1715_2.swift; sourceTree = "<group>"; };
		BC40BE8628DD70E000FFD842 /* S3_1213.swift */ = {isa = PBXFileReference; lastKnownFileType = sourcecode.swift; path = S3_1213.swift; sourceTree = "<group>"; };
		BC40BE8728DD7B6500FFD842 /* S5_14916.swift */ = {isa = PBXFileReference; lastKnownFileType = sourcecode.swift; path = S5_14916.swift; sourceTree = "<group>"; };
		BC40BE8828DD9B0F00FFD842 /* G3_2812.swift */ = {isa = PBXFileReference; lastKnownFileType = sourcecode.swift; path = G3_2812.swift; sourceTree = "<group>"; };
		BC40BE8928DDC48200FFD842 /* B1_2810.swift */ = {isa = PBXFileReference; lastKnownFileType = sourcecode.swift; path = B1_2810.swift; sourceTree = "<group>"; };
		BC40BE8A28DDCE7600FFD842 /* Lv2_최댓값과 최솟값.swift */ = {isa = PBXFileReference; lastKnownFileType = sourcecode.swift; path = "Lv2_최댓값과 최솟값.swift"; sourceTree = "<group>"; };
		BC40BE8B28DDDE8000FFD842 /* Lv2_JadenCase 문자열 만들기.swift */ = {isa = PBXFileReference; lastKnownFileType = sourcecode.swift; path = "Lv2_JadenCase 문자열 만들기.swift"; sourceTree = "<group>"; };
		BC4F3467281FB9FF0040A701 /* FileIO.swift */ = {isa = PBXFileReference; lastKnownFileType = sourcecode.swift; path = FileIO.swift; sourceTree = "<group>"; };
		BC56D57A289B601E00AFB73D /* Lv1_K번째수.swift */ = {isa = PBXFileReference; lastKnownFileType = sourcecode.swift; path = "Lv1_K번째수.swift"; sourceTree = "<group>"; };
		BC56D57B289B687500AFB73D /* Lv1_모의고사.swift */ = {isa = PBXFileReference; lastKnownFileType = sourcecode.swift; path = "Lv1_모의고사.swift"; sourceTree = "<group>"; };
		BC59BEA128E5688D0099915F /* Lv2_피보나치 수.swift */ = {isa = PBXFileReference; lastKnownFileType = sourcecode.swift; path = "Lv2_피보나치 수.swift"; sourceTree = "<group>"; };
		BC59BEA228E56C7F0099915F /* Lv2_다음 큰 숫자.swift */ = {isa = PBXFileReference; lastKnownFileType = sourcecode.swift; path = "Lv2_다음 큰 숫자.swift"; sourceTree = "<group>"; };
		BC5DABB4284B4B48000A85E9 /* S2_1260.swift */ = {isa = PBXFileReference; lastKnownFileType = sourcecode.swift; path = S2_1260.swift; sourceTree = "<group>"; };
		BC7C636C28AE0F6B009CA843 /* Lv1_최소직사각형.swift */ = {isa = PBXFileReference; lastKnownFileType = sourcecode.swift; path = "Lv1_최소직사각형.swift"; sourceTree = "<group>"; };
		BC7C636D28AE13CC009CA843 /* Lv1_2016년.swift */ = {isa = PBXFileReference; lastKnownFileType = sourcecode.swift; path = "Lv1_2016년.swift"; sourceTree = "<group>"; };
		BC7C636E28AE1BFB009CA843 /* Lv1_예산.swift */ = {isa = PBXFileReference; lastKnownFileType = sourcecode.swift; path = "Lv1_예산.swift"; sourceTree = "<group>"; };
		BC80FD2E28E4196D002A1A96 /* Lv2_이진 변환 반복하기 .swift */ = {isa = PBXFileReference; lastKnownFileType = sourcecode.swift; path = "Lv2_이진 변환 반복하기 .swift"; sourceTree = "<group>"; };
		BC80FD2F28E41E59002A1A96 /* Lv2_최솟값 만들기.swift */ = {isa = PBXFileReference; lastKnownFileType = sourcecode.swift; path = "Lv2_최솟값 만들기.swift"; sourceTree = "<group>"; };
		BC80FD3028E425B6002A1A96 /* Lv2_올바른 괄호.swift */ = {isa = PBXFileReference; lastKnownFileType = sourcecode.swift; path = "Lv2_올바른 괄호.swift"; sourceTree = "<group>"; };
		BC87721C28463F180098482C /* S5_1789.swift */ = {isa = PBXFileReference; lastKnownFileType = sourcecode.swift; path = S5_1789.swift; sourceTree = "<group>"; };
		BC87721E284640E00098482C /* S5_10989.swift */ = {isa = PBXFileReference; lastKnownFileType = sourcecode.swift; path = S5_10989.swift; sourceTree = "<group>"; };
		BC87721F284641230098482C /* S5_2751.swift */ = {isa = PBXFileReference; lastKnownFileType = sourcecode.swift; path = S5_2751.swift; sourceTree = "<group>"; };
		BC877220284641520098482C /* S5_4796.swift */ = {isa = PBXFileReference; lastKnownFileType = sourcecode.swift; path = S5_4796.swift; sourceTree = "<group>"; };
		BC877221284641820098482C /* S5_1439.swift */ = {isa = PBXFileReference; lastKnownFileType = sourcecode.swift; path = S5_1439.swift; sourceTree = "<group>"; };
		BC877224284641BE0098482C /* S5_1181.swift */ = {isa = PBXFileReference; lastKnownFileType = sourcecode.swift; path = S5_1181.swift; sourceTree = "<group>"; };
		BC877225284641E70098482C /* S5_1427.swift */ = {isa = PBXFileReference; lastKnownFileType = sourcecode.swift; path = S5_1427.swift; sourceTree = "<group>"; };
		BC877226284642060098482C /* S5_7568.swift */ = {isa = PBXFileReference; lastKnownFileType = sourcecode.swift; path = S5_7568.swift; sourceTree = "<group>"; };
		BC877227284642260098482C /* S5_11650.swift */ = {isa = PBXFileReference; lastKnownFileType = sourcecode.swift; path = S5_11650.swift; sourceTree = "<group>"; };
		BC877228284642450098482C /* S5_2941.swift */ = {isa = PBXFileReference; lastKnownFileType = sourcecode.swift; path = S5_2941.swift; sourceTree = "<group>"; };
		BC877229284642690098482C /* S5_10610.swift */ = {isa = PBXFileReference; lastKnownFileType = sourcecode.swift; path = S5_10610.swift; sourceTree = "<group>"; };
		BC87722A2846428D0098482C /* S5_4673.swift */ = {isa = PBXFileReference; lastKnownFileType = sourcecode.swift; path = S5_4673.swift; sourceTree = "<group>"; };
		BC87722B284642A90098482C /* S5_2609.swift */ = {isa = PBXFileReference; lastKnownFileType = sourcecode.swift; path = S5_2609.swift; sourceTree = "<group>"; };
		BC87722C284642C70098482C /* S5_1316.swift */ = {isa = PBXFileReference; lastKnownFileType = sourcecode.swift; path = S5_1316.swift; sourceTree = "<group>"; };
		BC87722D284642DF0098482C /* S5_2581.swift */ = {isa = PBXFileReference; lastKnownFileType = sourcecode.swift; path = S5_2581.swift; sourceTree = "<group>"; };
		BC87722E2846468A0098482C /* S4_13305.swift */ = {isa = PBXFileReference; lastKnownFileType = sourcecode.swift; path = S4_13305.swift; sourceTree = "<group>"; };
		BC87722F284646A50098482C /* S4_1978.swift */ = {isa = PBXFileReference; lastKnownFileType = sourcecode.swift; path = S4_1978.swift; sourceTree = "<group>"; };
		BC877230284646BC0098482C /* S4_2217.swift */ = {isa = PBXFileReference; lastKnownFileType = sourcecode.swift; path = S4_2217.swift; sourceTree = "<group>"; };
		BC877231284646D30098482C /* S4_1920.swift */ = {isa = PBXFileReference; lastKnownFileType = sourcecode.swift; path = S4_1920.swift; sourceTree = "<group>"; };
		BC877232284646ED0098482C /* S4_10828.swift */ = {isa = PBXFileReference; lastKnownFileType = sourcecode.swift; path = S4_10828.swift; sourceTree = "<group>"; };
		BC877233284647050098482C /* S4_9012.swift */ = {isa = PBXFileReference; lastKnownFileType = sourcecode.swift; path = S4_9012.swift; sourceTree = "<group>"; };
		BC8772342846471C0098482C /* S4_1065.swift */ = {isa = PBXFileReference; lastKnownFileType = sourcecode.swift; path = S4_1065.swift; sourceTree = "<group>"; };
		BC877235284647350098482C /* S4_1049.swift */ = {isa = PBXFileReference; lastKnownFileType = sourcecode.swift; path = S4_1049.swift; sourceTree = "<group>"; };
		BC877236284647530098482C /* S4_1543.swift */ = {isa = PBXFileReference; lastKnownFileType = sourcecode.swift; path = S4_1543.swift; sourceTree = "<group>"; };
		BC877237284647690098482C /* S4_1026.swift */ = {isa = PBXFileReference; lastKnownFileType = sourcecode.swift; path = S4_1026.swift; sourceTree = "<group>"; };
		BC877238284647810098482C /* S3_1003.swift */ = {isa = PBXFileReference; lastKnownFileType = sourcecode.swift; path = S3_1003.swift; sourceTree = "<group>"; };
		BC877239284647960098482C /* S3_11399.swift */ = {isa = PBXFileReference; lastKnownFileType = sourcecode.swift; path = S3_11399.swift; sourceTree = "<group>"; };
		BC87723A284647C40098482C /* S3_11047.swift */ = {isa = PBXFileReference; lastKnownFileType = sourcecode.swift; path = S3_11047.swift; sourceTree = "<group>"; };
		BC87723B284647DC0098482C /* S2_1541.swift */ = {isa = PBXFileReference; lastKnownFileType = sourcecode.swift; path = S2_1541.swift; sourceTree = "<group>"; };
		BC87723C284647F70098482C /* S1_1946.swift */ = {isa = PBXFileReference; lastKnownFileType = sourcecode.swift; path = S1_1946.swift; sourceTree = "<group>"; };
		BC87723D2846480C0098482C /* S1_1931.swift */ = {isa = PBXFileReference; lastKnownFileType = sourcecode.swift; path = S1_1931.swift; sourceTree = "<group>"; };
		BC87723E284648290098482C /* S1_16953.swift */ = {isa = PBXFileReference; lastKnownFileType = sourcecode.swift; path = S1_16953.swift; sourceTree = "<group>"; };
		BC87723F284648430098482C /* G4_1715.swift */ = {isa = PBXFileReference; lastKnownFileType = sourcecode.swift; path = G4_1715.swift; sourceTree = "<group>"; };
		BC8772402846485C0098482C /* G4_1339.swift */ = {isa = PBXFileReference; lastKnownFileType = sourcecode.swift; path = G4_1339.swift; sourceTree = "<group>"; };
		BC877241284648720098482C /* G2_1202.swift */ = {isa = PBXFileReference; lastKnownFileType = sourcecode.swift; path = G2_1202.swift; sourceTree = "<group>"; };
		BC8772432846498B0098482C /* Lv1_로또의 최고 순위와 최저 순위.swift */ = {isa = PBXFileReference; lastKnownFileType = sourcecode.swift; path = "Lv1_로또의 최고 순위와 최저 순위.swift"; sourceTree = "<group>"; };
		BC877244284649A10098482C /* Lv1_신고 결과 받기.swift */ = {isa = PBXFileReference; lastKnownFileType = sourcecode.swift; path = "Lv1_신고 결과 받기.swift"; sourceTree = "<group>"; };
		BC88ED0C28B359DC000181C6 /* 쿼드트리예제.swift */ = {isa = PBXFileReference; lastKnownFileType = sourcecode.swift; path = "쿼드트리예제.swift"; sourceTree = "<group>"; };
		BC8D704E285C08DD00AF3C37 /* S1_2667.swift */ = {isa = PBXFileReference; lastKnownFileType = sourcecode.swift; path = S1_2667.swift; sourceTree = "<group>"; };
		BC96D74B28DB38B4001F9B75 /* S2_1260_2.swift */ = {isa = PBXFileReference; lastKnownFileType = sourcecode.swift; path = S2_1260_2.swift; sourceTree = "<group>"; };
		BC96D74C28DB4722001F9B75 /* S2_4963_2.swift */ = {isa = PBXFileReference; lastKnownFileType = sourcecode.swift; path = S2_4963_2.swift; sourceTree = "<group>"; };
		BC96D74D28DB4E5C001F9B75 /* S2_1012_2.swift */ = {isa = PBXFileReference; lastKnownFileType = sourcecode.swift; path = S2_1012_2.swift; sourceTree = "<group>"; };
		BC9E7EF028AFA4FF000E5F36 /* Lv1_소수 만들기.swift */ = {isa = PBXFileReference; lastKnownFileType = sourcecode.swift; path = "Lv1_소수 만들기.swift"; sourceTree = "<group>"; };
		BCAFCD38289CBD7800926181 /* 사전테스트_1.swift */ = {isa = PBXFileReference; lastKnownFileType = sourcecode.swift; path = "사전테스트_1.swift"; sourceTree = "<group>"; };
		BCAFCD39289CD16900926181 /* Lv1_체육복.swift */ = {isa = PBXFileReference; lastKnownFileType = sourcecode.swift; path = "Lv1_체육복.swift"; sourceTree = "<group>"; };
		BCB0B1442850581900DE7196 /* S4_2847.swift */ = {isa = PBXFileReference; lastKnownFileType = sourcecode.swift; path = S4_2847.swift; sourceTree = "<group>"; };
		BCC2A2A4285EF40800447BFC /* B1_1546.swift */ = {isa = PBXFileReference; lastKnownFileType = sourcecode.swift; path = B1_1546.swift; sourceTree = "<group>"; };
		BCC3ACE328990A2900722C13 /* Lv1_크레인 인형뽑기 게임.swift */ = {isa = PBXFileReference; lastKnownFileType = sourcecode.swift; path = "Lv1_크레인 인형뽑기 게임.swift"; sourceTree = "<group>"; };
		BCC3ACE428990D9900722C13 /* Lv1_음양 더하기.swift */ = {isa = PBXFileReference; lastKnownFileType = sourcecode.swift; path = "Lv1_음양 더하기.swift"; sourceTree = "<group>"; };
		BCC4F9AC2858AAC3006FBB56 /* S2_2644.swift */ = {isa = PBXFileReference; lastKnownFileType = sourcecode.swift; path = S2_2644.swift; sourceTree = "<group>"; };
		BCCCF49C2897E82700F45729 /* Lv1_없는 숫자 더하기.swift */ = {isa = PBXFileReference; lastKnownFileType = sourcecode.swift; path = "Lv1_없는 숫자 더하기.swift"; sourceTree = "<group>"; };
		BCCCF49D2897F24F00F45729 /* Lv1_신규 아이디 추천.swift */ = {isa = PBXFileReference; lastKnownFileType = sourcecode.swift; path = "Lv1_신규 아이디 추천.swift"; sourceTree = "<group>"; };
		BCD384A02851B7F300AC5A2D /* G4_1744.swift */ = {isa = PBXFileReference; lastKnownFileType = sourcecode.swift; path = G4_1744.swift; sourceTree = "<group>"; };
		BCD7B2FC284C4C19008110C7 /* S3_2606.swift */ = {isa = PBXFileReference; lastKnownFileType = sourcecode.swift; path = S3_2606.swift; sourceTree = "<group>"; };
		BCDAAD9E28694C5D00DB0703 /* Lv1_숫자 문자열과 영단어.swift */ = {isa = PBXFileReference; lastKnownFileType = sourcecode.swift; path = "Lv1_숫자 문자열과 영단어.swift"; sourceTree = "<group>"; };
		BCDAAD9F2869571700DB0703 /* Lv1_키패드 누르기.swift */ = {isa = PBXFileReference; lastKnownFileType = sourcecode.swift; path = "Lv1_키패드 누르기.swift"; sourceTree = "<group>"; };
		BCE11E04281E24550044DBC2 /* CT_CommandLineTool */ = {isa = PBXFileReference; explicitFileType = "compiled.mach-o.executable"; includeInIndex = 0; path = CT_CommandLineTool; sourceTree = BUILT_PRODUCTS_DIR; };
		BCE11E07281E24550044DBC2 /* main.swift */ = {isa = PBXFileReference; lastKnownFileType = sourcecode.swift; path = main.swift; sourceTree = "<group>"; };
		BCE3F3C42852C4D40069491C /* S1_15903.swift */ = {isa = PBXFileReference; lastKnownFileType = sourcecode.swift; path = S1_15903.swift; sourceTree = "<group>"; };
		BCE3F3C52852D5440069491C /* G5_11000.swift */ = {isa = PBXFileReference; lastKnownFileType = sourcecode.swift; path = G5_11000.swift; sourceTree = "<group>"; };
		BCEA6F5F284DCA2500C18EB8 /* S2_11724.swift */ = {isa = PBXFileReference; lastKnownFileType = sourcecode.swift; path = S2_11724.swift; sourceTree = "<group>"; };
		BCEE878E289A34E600AB4B81 /* Lv1_내적.swift */ = {isa = PBXFileReference; lastKnownFileType = sourcecode.swift; path = "Lv1_내적.swift"; sourceTree = "<group>"; };
		BCEE8790289A418E00AB4B81 /* Lv1_실패율.swift */ = {isa = PBXFileReference; lastKnownFileType = sourcecode.swift; path = "Lv1_실패율.swift"; sourceTree = "<group>"; };
		BCF08D142847337800B5A072 /* S3_1449.swift */ = {isa = PBXFileReference; lastKnownFileType = sourcecode.swift; path = S3_1449.swift; sourceTree = "<group>"; };
		BCF1B35E2868059B00641ABD /* B3_11034.swift */ = {isa = PBXFileReference; lastKnownFileType = sourcecode.swift; path = B3_11034.swift; sourceTree = "<group>"; };
		BCF2F49C2854AF7900C20A8C /* S2_1012.swift */ = {isa = PBXFileReference; lastKnownFileType = sourcecode.swift; path = S2_1012.swift; sourceTree = "<group>"; };
		BCF2F49D2854ED7300C20A8C /* S2_4963.swift */ = {isa = PBXFileReference; lastKnownFileType = sourcecode.swift; path = S2_4963.swift; sourceTree = "<group>"; };
		BCF798342857072B0009A78C /* G3_2437.swift */ = {isa = PBXFileReference; lastKnownFileType = sourcecode.swift; path = G3_2437.swift; sourceTree = "<group>"; };
		BCFE01BF285A1A36007F96DE /* S4_2839.swift */ = {isa = PBXFileReference; lastKnownFileType = sourcecode.swift; path = S4_2839.swift; sourceTree = "<group>"; };
/* End PBXFileReference section */

/* Begin PBXFrameworksBuildPhase section */
		BCE11E01281E24550044DBC2 /* Frameworks */ = {
			isa = PBXFrameworksBuildPhase;
			buildActionMask = 2147483647;
			files = (
			);
			runOnlyForDeploymentPostprocessing = 0;
		};
/* End PBXFrameworksBuildPhase section */

/* Begin PBXGroup section */
		BC87721B28463E360098482C /* Baekjoon */ = {
			isa = PBXGroup;
			children = (
				BCC2A2A3285EF3DA00447BFC /* Bronze */,
				BC877223284641A80098482C /* Gold */,
				BC8772222846419C0098482C /* Silver */,
			);
			path = Baekjoon;
			sourceTree = "<group>";
		};
		BC8772222846419C0098482C /* Silver */ = {
			isa = PBXGroup;
			children = (
				BC87721C28463F180098482C /* S5_1789.swift */,
				BC87721E284640E00098482C /* S5_10989.swift */,
				BC87721F284641230098482C /* S5_2751.swift */,
				BC877220284641520098482C /* S5_4796.swift */,
				BC877221284641820098482C /* S5_1439.swift */,
				BC877224284641BE0098482C /* S5_1181.swift */,
				BC877225284641E70098482C /* S5_1427.swift */,
				BC877226284642060098482C /* S5_7568.swift */,
				BC877227284642260098482C /* S5_11650.swift */,
				BC877228284642450098482C /* S5_2941.swift */,
				BC877229284642690098482C /* S5_10610.swift */,
				BC87722A2846428D0098482C /* S5_4673.swift */,
				BC87722B284642A90098482C /* S5_2609.swift */,
				BC87722C284642C70098482C /* S5_1316.swift */,
				BC87722D284642DF0098482C /* S5_2581.swift */,
				BC87722E2846468A0098482C /* S4_13305.swift */,
				BC87722F284646A50098482C /* S4_1978.swift */,
				BC877230284646BC0098482C /* S4_2217.swift */,
				BC877231284646D30098482C /* S4_1920.swift */,
				BC877232284646ED0098482C /* S4_10828.swift */,
				BC877233284647050098482C /* S4_9012.swift */,
				BC8772342846471C0098482C /* S4_1065.swift */,
				BC877235284647350098482C /* S4_1049.swift */,
				BC877236284647530098482C /* S4_1543.swift */,
				BC877237284647690098482C /* S4_1026.swift */,
				BC877238284647810098482C /* S3_1003.swift */,
				BC877239284647960098482C /* S3_11399.swift */,
				BC87723A284647C40098482C /* S3_11047.swift */,
				BC87723B284647DC0098482C /* S2_1541.swift */,
				BC87723C284647F70098482C /* S1_1946.swift */,
				BC87723D2846480C0098482C /* S1_1931.swift */,
				BC87723E284648290098482C /* S1_16953.swift */,
				BCF08D142847337800B5A072 /* S3_1449.swift */,
				BC30306F284A00D600E6D49A /* S4_1783.swift */,
				BC5DABB4284B4B48000A85E9 /* S2_1260.swift */,
				BCD7B2FC284C4C19008110C7 /* S3_2606.swift */,
				BCEA6F5F284DCA2500C18EB8 /* S2_11724.swift */,
				BC05F24F284EF31E0053681D /* S2_11725.swift */,
				BCB0B1442850581900DE7196 /* S4_2847.swift */,
				BCE3F3C42852C4D40069491C /* S1_15903.swift */,
				BCF2F49C2854AF7900C20A8C /* S2_1012.swift */,
				BCF2F49D2854ED7300C20A8C /* S2_4963.swift */,
				BC2EDB7C28559205003D128B /* S1_1080.swift */,
				BCFE01BF285A1A36007F96DE /* S4_2839.swift */,
				BCC4F9AC2858AAC3006FBB56 /* S2_2644.swift */,
				BC8D704E285C08DD00AF3C37 /* S1_2667.swift */,
				BC24929528BE05D5003FC64A /* S5_1969.swift */,
				BC96D74B28DB38B4001F9B75 /* S2_1260_2.swift */,
				BC96D74C28DB4722001F9B75 /* S2_4963_2.swift */,
				BC96D74D28DB4E5C001F9B75 /* S2_1012_2.swift */,
				BC0CC13328DC1B2500B4C5D1 /* S1_2667_2.swift */,
				BC0CC13428DC343400B4C5D1 /* S2_11724_2.swift */,
				BC0CC13528DC3D5200B4C5D1 /* S4_2839_2.swift */,
				BC0CC13628DC4F3200B4C5D1 /* S4_1026_2.swift */,
				BC40BE8628DD70E000FFD842 /* S3_1213.swift */,
				BC40BE8728DD7B6500FFD842 /* S5_14916.swift */,
			);
			path = Silver;
			sourceTree = "<group>";
		};
		BC877223284641A80098482C /* Gold */ = {
			isa = PBXGroup;
			children = (
				BC87723F284648430098482C /* G4_1715.swift */,
				BC8772402846485C0098482C /* G4_1339.swift */,
				BC877241284648720098482C /* G2_1202.swift */,
				BCD384A02851B7F300AC5A2D /* G4_1744.swift */,
				BCE3F3C52852D5440069491C /* G5_11000.swift */,
				BCF798342857072B0009A78C /* G3_2437.swift */,
				BC40BE8528DD66CC00FFD842 /* G4_1715_2.swift */,
				BC40BE8828DD9B0F00FFD842 /* G3_2812.swift */,
			);
			path = Gold;
			sourceTree = "<group>";
		};
		BC877242284649530098482C /* 프로그래머스 */ = {
			isa = PBXGroup;
			children = (
				BC8772432846498B0098482C /* Lv1_로또의 최고 순위와 최저 순위.swift */,
				BC877244284649A10098482C /* Lv1_신고 결과 받기.swift */,
				BCDAAD9E28694C5D00DB0703 /* Lv1_숫자 문자열과 영단어.swift */,
				BCDAAD9F2869571700DB0703 /* Lv1_키패드 누르기.swift */,
				BCCCF49C2897E82700F45729 /* Lv1_없는 숫자 더하기.swift */,
				BCCCF49D2897F24F00F45729 /* Lv1_신규 아이디 추천.swift */,
				BCC3ACE328990A2900722C13 /* Lv1_크레인 인형뽑기 게임.swift */,
				BCC3ACE428990D9900722C13 /* Lv1_음양 더하기.swift */,
				BCEE878E289A34E600AB4B81 /* Lv1_내적.swift */,
				BCEE8790289A418E00AB4B81 /* Lv1_실패율.swift */,
				BC56D57A289B601E00AFB73D /* Lv1_K번째수.swift */,
				BC56D57B289B687500AFB73D /* Lv1_모의고사.swift */,
				BCAFCD38289CBD7800926181 /* 사전테스트_1.swift */,
				BCAFCD39289CD16900926181 /* Lv1_체육복.swift */,
				BC0FE777289E09B20022B907 /* Lv1_약수의 개수와 덧셈.swift */,
				BC7C636C28AE0F6B009CA843 /* Lv1_최소직사각형.swift */,
				BC7C636D28AE13CC009CA843 /* Lv1_2016년.swift */,
				BC7C636E28AE1BFB009CA843 /* Lv1_예산.swift */,
				BC9E7EF028AFA4FF000E5F36 /* Lv1_소수 만들기.swift */,
				BC88ED0C28B359DC000181C6 /* 쿼드트리예제.swift */,
				BC40BE8A28DDCE7600FFD842 /* Lv2_최댓값과 최솟값.swift */,
				BC40BE8B28DDDE8000FFD842 /* Lv2_JadenCase 문자열 만들기.swift */,
				BC80FD2E28E4196D002A1A96 /* Lv2_이진 변환 반복하기 .swift */,
				BC80FD2F28E41E59002A1A96 /* Lv2_최솟값 만들기.swift */,
				BC80FD3028E425B6002A1A96 /* Lv2_올바른 괄호.swift */,
				BC59BEA128E5688D0099915F /* Lv2_피보나치 수.swift */,
				BC59BEA228E56C7F0099915F /* Lv2_다음 큰 숫자.swift */,
				BC03B92028E67688008666AA /* Lv2_카펫.swift */,
			);
			name = "프로그래머스";
			path = "프로그래머스";
			sourceTree = "<group>";
		};
		BCC2A2A3285EF3DA00447BFC /* Bronze */ = {
			isa = PBXGroup;
			children = (
				BCC2A2A4285EF40800447BFC /* B1_1546.swift */,
				BCF1B35E2868059B00641ABD /* B3_11034.swift */,
				BC24929428BE0562003FC64A /* B2_2864.swift */,
				BC40BE8928DDC48200FFD842 /* B1_2810.swift */,
			);
			path = Bronze;
			sourceTree = "<group>";
		};
		BCE11DFB281E24550044DBC2 = {
			isa = PBXGroup;
			children = (
				BCE11E06281E24550044DBC2 /* CT_CommandLineTool */,
				BCE11E05281E24550044DBC2 /* Products */,
			);
			sourceTree = "<group>";
		};
		BCE11E05281E24550044DBC2 /* Products */ = {
			isa = PBXGroup;
			children = (
				BCE11E04281E24550044DBC2 /* CT_CommandLineTool */,
			);
			name = Products;
			sourceTree = "<group>";
		};
		BCE11E06281E24550044DBC2 /* CT_CommandLineTool */ = {
			isa = PBXGroup;
			children = (
				BCE11E07281E24550044DBC2 /* main.swift */,
				BC4F3467281FB9FF0040A701 /* FileIO.swift */,
				BC877242284649530098482C /* 프로그래머스 */,
				BC87721B28463E360098482C /* Baekjoon */,
			);
			path = CT_CommandLineTool;
			sourceTree = "<group>";
		};
/* End PBXGroup section */

/* Begin PBXNativeTarget section */
		BCE11E03281E24550044DBC2 /* CT_CommandLineTool */ = {
			isa = PBXNativeTarget;
			buildConfigurationList = BCE11E0B281E24550044DBC2 /* Build configuration list for PBXNativeTarget "CT_CommandLineTool" */;
			buildPhases = (
				BCE11E00281E24550044DBC2 /* Sources */,
				BCE11E01281E24550044DBC2 /* Frameworks */,
				BCE11E02281E24550044DBC2 /* CopyFiles */,
			);
			buildRules = (
			);
			dependencies = (
			);
			name = CT_CommandLineTool;
			productName = CT_CommandLineTool;
			productReference = BCE11E04281E24550044DBC2 /* CT_CommandLineTool */;
			productType = "com.apple.product-type.tool";
		};
/* End PBXNativeTarget section */

/* Begin PBXProject section */
		BCE11DFC281E24550044DBC2 /* Project object */ = {
			isa = PBXProject;
			attributes = {
				BuildIndependentTargetsInParallel = 1;
				LastSwiftUpdateCheck = 1330;
				LastUpgradeCheck = 1330;
				TargetAttributes = {
					BCE11E03281E24550044DBC2 = {
						CreatedOnToolsVersion = 13.3;
					};
				};
			};
			buildConfigurationList = BCE11DFF281E24550044DBC2 /* Build configuration list for PBXProject "CT_CommandLineTool" */;
			compatibilityVersion = "Xcode 13.0";
			developmentRegion = en;
			hasScannedForEncodings = 0;
			knownRegions = (
				en,
				Base,
			);
			mainGroup = BCE11DFB281E24550044DBC2;
			productRefGroup = BCE11E05281E24550044DBC2 /* Products */;
			projectDirPath = "";
			projectRoot = "";
			targets = (
				BCE11E03281E24550044DBC2 /* CT_CommandLineTool */,
			);
		};
/* End PBXProject section */

/* Begin PBXSourcesBuildPhase section */
		BCE11E00281E24550044DBC2 /* Sources */ = {
			isa = PBXSourcesBuildPhase;
			buildActionMask = 2147483647;
			files = (
				BCE11E08281E24550044DBC2 /* main.swift in Sources */,
				BC4F3468281FB9FF0040A701 /* FileIO.swift in Sources */,
			);
			runOnlyForDeploymentPostprocessing = 0;
		};
/* End PBXSourcesBuildPhase section */

/* Begin XCBuildConfiguration section */
		BCE11E09281E24550044DBC2 /* Debug */ = {
			isa = XCBuildConfiguration;
			buildSettings = {
				ALWAYS_SEARCH_USER_PATHS = NO;
				CLANG_ANALYZER_NONNULL = YES;
				CLANG_ANALYZER_NUMBER_OBJECT_CONVERSION = YES_AGGRESSIVE;
				CLANG_CXX_LANGUAGE_STANDARD = "gnu++17";
				CLANG_ENABLE_MODULES = YES;
				CLANG_ENABLE_OBJC_ARC = YES;
				CLANG_ENABLE_OBJC_WEAK = YES;
				CLANG_WARN_BLOCK_CAPTURE_AUTORELEASING = YES;
				CLANG_WARN_BOOL_CONVERSION = YES;
				CLANG_WARN_COMMA = YES;
				CLANG_WARN_CONSTANT_CONVERSION = YES;
				CLANG_WARN_DEPRECATED_OBJC_IMPLEMENTATIONS = YES;
				CLANG_WARN_DIRECT_OBJC_ISA_USAGE = YES_ERROR;
				CLANG_WARN_DOCUMENTATION_COMMENTS = YES;
				CLANG_WARN_EMPTY_BODY = YES;
				CLANG_WARN_ENUM_CONVERSION = YES;
				CLANG_WARN_INFINITE_RECURSION = YES;
				CLANG_WARN_INT_CONVERSION = YES;
				CLANG_WARN_NON_LITERAL_NULL_CONVERSION = YES;
				CLANG_WARN_OBJC_IMPLICIT_RETAIN_SELF = YES;
				CLANG_WARN_OBJC_LITERAL_CONVERSION = YES;
				CLANG_WARN_OBJC_ROOT_CLASS = YES_ERROR;
				CLANG_WARN_QUOTED_INCLUDE_IN_FRAMEWORK_HEADER = YES;
				CLANG_WARN_RANGE_LOOP_ANALYSIS = YES;
				CLANG_WARN_STRICT_PROTOTYPES = YES;
				CLANG_WARN_SUSPICIOUS_MOVE = YES;
				CLANG_WARN_UNGUARDED_AVAILABILITY = YES_AGGRESSIVE;
				CLANG_WARN_UNREACHABLE_CODE = YES;
				CLANG_WARN__DUPLICATE_METHOD_MATCH = YES;
				COPY_PHASE_STRIP = NO;
				DEBUG_INFORMATION_FORMAT = dwarf;
				ENABLE_STRICT_OBJC_MSGSEND = YES;
				ENABLE_TESTABILITY = YES;
				GCC_C_LANGUAGE_STANDARD = gnu11;
				GCC_DYNAMIC_NO_PIC = NO;
				GCC_NO_COMMON_BLOCKS = YES;
				GCC_OPTIMIZATION_LEVEL = 0;
				GCC_PREPROCESSOR_DEFINITIONS = (
					"DEBUG=1",
					"$(inherited)",
				);
				GCC_WARN_64_TO_32_BIT_CONVERSION = YES;
				GCC_WARN_ABOUT_RETURN_TYPE = YES_ERROR;
				GCC_WARN_UNDECLARED_SELECTOR = YES;
				GCC_WARN_UNINITIALIZED_AUTOS = YES_AGGRESSIVE;
				GCC_WARN_UNUSED_FUNCTION = YES;
				GCC_WARN_UNUSED_VARIABLE = YES;
				MACOSX_DEPLOYMENT_TARGET = 12.3;
				MTL_ENABLE_DEBUG_INFO = INCLUDE_SOURCE;
				MTL_FAST_MATH = YES;
				ONLY_ACTIVE_ARCH = YES;
				SDKROOT = macosx;
				SWIFT_ACTIVE_COMPILATION_CONDITIONS = DEBUG;
				SWIFT_OPTIMIZATION_LEVEL = "-Onone";
			};
			name = Debug;
		};
		BCE11E0A281E24550044DBC2 /* Release */ = {
			isa = XCBuildConfiguration;
			buildSettings = {
				ALWAYS_SEARCH_USER_PATHS = NO;
				CLANG_ANALYZER_NONNULL = YES;
				CLANG_ANALYZER_NUMBER_OBJECT_CONVERSION = YES_AGGRESSIVE;
				CLANG_CXX_LANGUAGE_STANDARD = "gnu++17";
				CLANG_ENABLE_MODULES = YES;
				CLANG_ENABLE_OBJC_ARC = YES;
				CLANG_ENABLE_OBJC_WEAK = YES;
				CLANG_WARN_BLOCK_CAPTURE_AUTORELEASING = YES;
				CLANG_WARN_BOOL_CONVERSION = YES;
				CLANG_WARN_COMMA = YES;
				CLANG_WARN_CONSTANT_CONVERSION = YES;
				CLANG_WARN_DEPRECATED_OBJC_IMPLEMENTATIONS = YES;
				CLANG_WARN_DIRECT_OBJC_ISA_USAGE = YES_ERROR;
				CLANG_WARN_DOCUMENTATION_COMMENTS = YES;
				CLANG_WARN_EMPTY_BODY = YES;
				CLANG_WARN_ENUM_CONVERSION = YES;
				CLANG_WARN_INFINITE_RECURSION = YES;
				CLANG_WARN_INT_CONVERSION = YES;
				CLANG_WARN_NON_LITERAL_NULL_CONVERSION = YES;
				CLANG_WARN_OBJC_IMPLICIT_RETAIN_SELF = YES;
				CLANG_WARN_OBJC_LITERAL_CONVERSION = YES;
				CLANG_WARN_OBJC_ROOT_CLASS = YES_ERROR;
				CLANG_WARN_QUOTED_INCLUDE_IN_FRAMEWORK_HEADER = YES;
				CLANG_WARN_RANGE_LOOP_ANALYSIS = YES;
				CLANG_WARN_STRICT_PROTOTYPES = YES;
				CLANG_WARN_SUSPICIOUS_MOVE = YES;
				CLANG_WARN_UNGUARDED_AVAILABILITY = YES_AGGRESSIVE;
				CLANG_WARN_UNREACHABLE_CODE = YES;
				CLANG_WARN__DUPLICATE_METHOD_MATCH = YES;
				COPY_PHASE_STRIP = NO;
				DEBUG_INFORMATION_FORMAT = "dwarf-with-dsym";
				ENABLE_NS_ASSERTIONS = NO;
				ENABLE_STRICT_OBJC_MSGSEND = YES;
				GCC_C_LANGUAGE_STANDARD = gnu11;
				GCC_NO_COMMON_BLOCKS = YES;
				GCC_WARN_64_TO_32_BIT_CONVERSION = YES;
				GCC_WARN_ABOUT_RETURN_TYPE = YES_ERROR;
				GCC_WARN_UNDECLARED_SELECTOR = YES;
				GCC_WARN_UNINITIALIZED_AUTOS = YES_AGGRESSIVE;
				GCC_WARN_UNUSED_FUNCTION = YES;
				GCC_WARN_UNUSED_VARIABLE = YES;
				MACOSX_DEPLOYMENT_TARGET = 12.3;
				MTL_ENABLE_DEBUG_INFO = NO;
				MTL_FAST_MATH = YES;
				SDKROOT = macosx;
				SWIFT_COMPILATION_MODE = wholemodule;
				SWIFT_OPTIMIZATION_LEVEL = "-O";
			};
			name = Release;
		};
		BCE11E0C281E24550044DBC2 /* Debug */ = {
			isa = XCBuildConfiguration;
			buildSettings = {
				CODE_SIGN_STYLE = Automatic;
				DEVELOPMENT_TEAM = F92UQYH2RA;
				ENABLE_HARDENED_RUNTIME = YES;
				PRODUCT_NAME = "$(TARGET_NAME)";
				SWIFT_VERSION = 5.0;
			};
			name = Debug;
		};
		BCE11E0D281E24550044DBC2 /* Release */ = {
			isa = XCBuildConfiguration;
			buildSettings = {
				CODE_SIGN_STYLE = Automatic;
				DEVELOPMENT_TEAM = F92UQYH2RA;
				ENABLE_HARDENED_RUNTIME = YES;
				PRODUCT_NAME = "$(TARGET_NAME)";
				SWIFT_VERSION = 5.0;
			};
			name = Release;
		};
/* End XCBuildConfiguration section */

/* Begin XCConfigurationList section */
		BCE11DFF281E24550044DBC2 /* Build configuration list for PBXProject "CT_CommandLineTool" */ = {
			isa = XCConfigurationList;
			buildConfigurations = (
				BCE11E09281E24550044DBC2 /* Debug */,
				BCE11E0A281E24550044DBC2 /* Release */,
			);
			defaultConfigurationIsVisible = 0;
			defaultConfigurationName = Release;
		};
		BCE11E0B281E24550044DBC2 /* Build configuration list for PBXNativeTarget "CT_CommandLineTool" */ = {
			isa = XCConfigurationList;
			buildConfigurations = (
				BCE11E0C281E24550044DBC2 /* Debug */,
				BCE11E0D281E24550044DBC2 /* Release */,
			);
			defaultConfigurationIsVisible = 0;
			defaultConfigurationName = Release;
		};
/* End XCConfigurationList section */
	};
	rootObject = BCE11DFC281E24550044DBC2 /* Project object */;
}
